PODS:
  - LSTCategory (0.2.04281546):
    - LSTCategory/Code (= 0.2.04281546)
  - LSTCategory/Code (0.2.04281546)
  - Masonry (1.1.0)

DEPENDENCIES:
  - LSTCategory (from `/Users/losentrad/Desktop/KitNote/Modularization/LSTKit/LSTCategory/LSTCategory`)
  - Masonry

SPEC REPOS:
  trunk:
    - Masonry

EXTERNAL SOURCES:
  LSTCategory:
    :path: "/Users/losentrad/Desktop/KitNote/Modularization/LSTKit/LSTCategory/LSTCategory"

SPEC CHECKSUMS:
  LSTCategory: f70d240021080d1c4ab555b6129e74f5b0aa4ccb
  Masonry: 678fab65091a9290e40e2832a55e7ab731aad201

PODFILE CHECKSUM: a01aa9ed5afe04090ab364b4c7800f1a0254c79d

COCOAPODS: 1.9.1
