PODS:
  - LSTCategory (0.1.12311529):
    - LSTCategory/Code (= 0.1.12311529)
    - YYModel
  - LSTCategory/Code (0.1.12311529):
    - YYModel
  - LSTPopView (0.1.03311130):
    - LSTCategory
    - LSTPopView/Code (= 0.1.03311130)
  - LSTPopView/Code (0.1.03311130):
    - LSTCategory
  - Masonry (1.1.0)
  - YYModel (1.0.4)

DEPENDENCIES:
  - LSTPopView (from `../`)
  - Masonry

SPEC REPOS:
  trunk:
    - LSTCategory
    - Masonry
    - YYModel

EXTERNAL SOURCES:
  LSTPopView:
    :path: "../"

SPEC CHECKSUMS:
  LSTCategory: 8b843b0c998989b29386863db154553c8c713d7a
  LSTPopView: 4cb292a78bb90cfd4c5c74744a8910467153523f
  Masonry: 678fab65091a9290e40e2832a55e7ab731aad201
  YYModel: 2a7fdd96aaa4b86a824e26d0c517de8928c04b30

PODFILE CHECKSUM: 1c7ef65a30638d20a9646ec708d59739442ae2ce

COCOAPODS: 1.9.1
