// !$*UTF8*$!
{
	archiveVersion = 1;
	classes = {
	};
	objectVersion = 50;
	objects = {

/* Begin PBXBuildFile section */
		499009ED074DDF1045F68DCC /* Pods_LSTPopViewSwift.framework in Frameworks */ = {isa = PBXBuildFile; fileRef = E144D6C14D60AC09E62B0BC6 /* Pods_LSTPopViewSwift.framework */; };
		7C5D60FE25ED4A2800561788 /* AppDelegate.swift in Sources */ = {isa = PBXBuildFile; fileRef = 7C5D60FD25ED4A2800561788 /* AppDelegate.swift */; };
		7C5D610025ED4A2800561788 /* SceneDelegate.swift in Sources */ = {isa = PBXBuildFile; fileRef = 7C5D60FF25ED4A2800561788 /* SceneDelegate.swift */; };
		7C5D610225ED4A2800561788 /* ViewController.swift in Sources */ = {isa = PBXBuildFile; fileRef = 7C5D610125ED4A2800561788 /* ViewController.swift */; };
		7C5D610525ED4A2800561788 /* Main.storyboard in Resources */ = {isa = PBXBuildFile; fileRef = 7C5D610325ED4A2800561788 /* Main.storyboard */; };
		7C5D610725ED4A2B00561788 /* Assets.xcassets in Resources */ = {isa = PBXBuildFile; fileRef = 7C5D610625ED4A2B00561788 /* Assets.xcassets */; };
		7C5D610A25ED4A2B00561788 /* LaunchScreen.storyboard in Resources */ = {isa = PBXBuildFile; fileRef = 7C5D610825ED4A2B00561788 /* LaunchScreen.storyboard */; };
/* End PBXBuildFile section */

/* Begin PBXFileReference section */
		64930180558B03AE37841D65 /* Pods-LSTPopViewSwift.release.xcconfig */ = {isa = PBXFileReference; includeInIndex = 1; lastKnownFileType = text.xcconfig; name = "Pods-LSTPopViewSwift.release.xcconfig"; path = "Target Support Files/Pods-LSTPopViewSwift/Pods-LSTPopViewSwift.release.xcconfig"; sourceTree = "<group>"; };
		7C5D60FA25ED4A2800561788 /* LSTPopViewSwift.app */ = {isa = PBXFileReference; explicitFileType = wrapper.application; includeInIndex = 0; path = LSTPopViewSwift.app; sourceTree = BUILT_PRODUCTS_DIR; };
		7C5D60FD25ED4A2800561788 /* AppDelegate.swift */ = {isa = PBXFileReference; lastKnownFileType = sourcecode.swift; path = AppDelegate.swift; sourceTree = "<group>"; };
		7C5D60FF25ED4A2800561788 /* SceneDelegate.swift */ = {isa = PBXFileReference; lastKnownFileType = sourcecode.swift; path = SceneDelegate.swift; sourceTree = "<group>"; };
		7C5D610125ED4A2800561788 /* ViewController.swift */ = {isa = PBXFileReference; lastKnownFileType = sourcecode.swift; path = ViewController.swift; sourceTree = "<group>"; };
		7C5D610425ED4A2800561788 /* Base */ = {isa = PBXFileReference; lastKnownFileType = file.storyboard; name = Base; path = Base.lproj/Main.storyboard; sourceTree = "<group>"; };
		7C5D610625ED4A2B00561788 /* Assets.xcassets */ = {isa = PBXFileReference; lastKnownFileType = folder.assetcatalog; path = Assets.xcassets; sourceTree = "<group>"; };
		7C5D610925ED4A2B00561788 /* Base */ = {isa = PBXFileReference; lastKnownFileType = file.storyboard; name = Base; path = Base.lproj/LaunchScreen.storyboard; sourceTree = "<group>"; };
		7C5D610B25ED4A2B00561788 /* Info.plist */ = {isa = PBXFileReference; lastKnownFileType = text.plist.xml; path = Info.plist; sourceTree = "<group>"; };
		E144D6C14D60AC09E62B0BC6 /* Pods_LSTPopViewSwift.framework */ = {isa = PBXFileReference; explicitFileType = wrapper.framework; includeInIndex = 0; path = Pods_LSTPopViewSwift.framework; sourceTree = BUILT_PRODUCTS_DIR; };
		F2C6EDE08C70AAA15B0A9135 /* Pods-LSTPopViewSwift.debug.xcconfig */ = {isa = PBXFileReference; includeInIndex = 1; lastKnownFileType = text.xcconfig; name = "Pods-LSTPopViewSwift.debug.xcconfig"; path = "Target Support Files/Pods-LSTPopViewSwift/Pods-LSTPopViewSwift.debug.xcconfig"; sourceTree = "<group>"; };
/* End PBXFileReference section */

/* Begin PBXFrameworksBuildPhase section */
		7C5D60F725ED4A2800561788 /* Frameworks */ = {
			isa = PBXFrameworksBuildPhase;
			buildActionMask = 2147483647;
			files = (
				499009ED074DDF1045F68DCC /* Pods_LSTPopViewSwift.framework in Frameworks */,
			);
			runOnlyForDeploymentPostprocessing = 0;
		};
/* End PBXFrameworksBuildPhase section */

/* Begin PBXGroup section */
		147CF298FEF4FEF27D22CBAB /* Pods */ = {
			isa = PBXGroup;
			children = (
				F2C6EDE08C70AAA15B0A9135 /* Pods-LSTPopViewSwift.debug.xcconfig */,
				64930180558B03AE37841D65 /* Pods-LSTPopViewSwift.release.xcconfig */,
			);
			name = Pods;
			path = Pods;
			sourceTree = "<group>";
		};
		42BADAB3598256AC352929B9 /* Frameworks */ = {
			isa = PBXGroup;
			children = (
				E144D6C14D60AC09E62B0BC6 /* Pods_LSTPopViewSwift.framework */,
			);
			name = Frameworks;
			sourceTree = "<group>";
		};
		7C5D60F125ED4A2800561788 = {
			isa = PBXGroup;
			children = (
				7C5D60FC25ED4A2800561788 /* LSTPopViewSwift */,
				7C5D60FB25ED4A2800561788 /* Products */,
				147CF298FEF4FEF27D22CBAB /* Pods */,
				42BADAB3598256AC352929B9 /* Frameworks */,
			);
			sourceTree = "<group>";
		};
		7C5D60FB25ED4A2800561788 /* Products */ = {
			isa = PBXGroup;
			children = (
				7C5D60FA25ED4A2800561788 /* LSTPopViewSwift.app */,
			);
			name = Products;
			sourceTree = "<group>";
		};
		7C5D60FC25ED4A2800561788 /* LSTPopViewSwift */ = {
			isa = PBXGroup;
			children = (
				7C5D60FD25ED4A2800561788 /* AppDelegate.swift */,
				7C5D60FF25ED4A2800561788 /* SceneDelegate.swift */,
				7C5D610125ED4A2800561788 /* ViewController.swift */,
				7C5D610325ED4A2800561788 /* Main.storyboard */,
				7C5D610625ED4A2B00561788 /* Assets.xcassets */,
				7C5D610825ED4A2B00561788 /* LaunchScreen.storyboard */,
				7C5D610B25ED4A2B00561788 /* Info.plist */,
			);
			path = LSTPopViewSwift;
			sourceTree = "<group>";
		};
/* End PBXGroup section */

/* Begin PBXNativeTarget section */
		7C5D60F925ED4A2800561788 /* LSTPopViewSwift */ = {
			isa = PBXNativeTarget;
			buildConfigurationList = 7C5D610E25ED4A2B00561788 /* Build configuration list for PBXNativeTarget "LSTPopViewSwift" */;
			buildPhases = (
				F85DBD637BB14C45FDC81C45 /* [CP] Check Pods Manifest.lock */,
				7C5D60F625ED4A2800561788 /* Sources */,
				7C5D60F725ED4A2800561788 /* Frameworks */,
				7C5D60F825ED4A2800561788 /* Resources */,
			);
			buildRules = (
			);
			dependencies = (
			);
			name = LSTPopViewSwift;
			productName = LSTPopViewSwift;
			productReference = 7C5D60FA25ED4A2800561788 /* LSTPopViewSwift.app */;
			productType = "com.apple.product-type.application";
		};
/* End PBXNativeTarget section */

/* Begin PBXProject section */
		7C5D60F225ED4A2800561788 /* Project object */ = {
			isa = PBXProject;
			attributes = {
				LastSwiftUpdateCheck = 1240;
				LastUpgradeCheck = 1240;
				TargetAttributes = {
					7C5D60F925ED4A2800561788 = {
						CreatedOnToolsVersion = 12.4;
					};
				};
			};
			buildConfigurationList = 7C5D60F525ED4A2800561788 /* Build configuration list for PBXProject "LSTPopViewSwift" */;
			compatibilityVersion = "Xcode 9.3";
			developmentRegion = en;
			hasScannedForEncodings = 0;
			knownRegions = (
				en,
				Base,
			);
			mainGroup = 7C5D60F125ED4A2800561788;
			productRefGroup = 7C5D60FB25ED4A2800561788 /* Products */;
			projectDirPath = "";
			projectRoot = "";
			targets = (
				7C5D60F925ED4A2800561788 /* LSTPopViewSwift */,
			);
		};
/* End PBXProject section */

/* Begin PBXResourcesBuildPhase section */
		7C5D60F825ED4A2800561788 /* Resources */ = {
			isa = PBXResourcesBuildPhase;
			buildActionMask = 2147483647;
			files = (
				7C5D610A25ED4A2B00561788 /* LaunchScreen.storyboard in Resources */,
				7C5D610725ED4A2B00561788 /* Assets.xcassets in Resources */,
				7C5D610525ED4A2800561788 /* Main.storyboard in Resources */,
			);
			runOnlyForDeploymentPostprocessing = 0;
		};
/* End PBXResourcesBuildPhase section */

/* Begin PBXShellScriptBuildPhase section */
		F85DBD637BB14C45FDC81C45 /* [CP] Check Pods Manifest.lock */ = {
			isa = PBXShellScriptBuildPhase;
			buildActionMask = 2147483647;
			files = (
			);
			inputFileListPaths = (
			);
			inputPaths = (
				"${PODS_PODFILE_DIR_PATH}/Podfile.lock",
				"${PODS_ROOT}/Manifest.lock",
			);
			name = "[CP] Check Pods Manifest.lock";
			outputFileListPaths = (
			);
			outputPaths = (
				"$(DERIVED_FILE_DIR)/Pods-LSTPopViewSwift-checkManifestLockResult.txt",
			);
			runOnlyForDeploymentPostprocessing = 0;
			shellPath = /bin/sh;
			shellScript = "diff \"${PODS_PODFILE_DIR_PATH}/Podfile.lock\" \"${PODS_ROOT}/Manifest.lock\" > /dev/null\nif [ $? != 0 ] ; then\n    # print error to STDERR\n    echo \"error: The sandbox is not in sync with the Podfile.lock. Run 'pod install' or update your CocoaPods installation.\" >&2\n    exit 1\nfi\n# This output is used by Xcode 'outputs' to avoid re-running this script phase.\necho \"SUCCESS\" > \"${SCRIPT_OUTPUT_FILE_0}\"\n";
			showEnvVarsInLog = 0;
		};
/* End PBXShellScriptBuildPhase section */

/* Begin PBXSourcesBuildPhase section */
		7C5D60F625ED4A2800561788 /* Sources */ = {
			isa = PBXSourcesBuildPhase;
			buildActionMask = 2147483647;
			files = (
				7C5D610225ED4A2800561788 /* ViewController.swift in Sources */,
				7C5D60FE25ED4A2800561788 /* AppDelegate.swift in Sources */,
				7C5D610025ED4A2800561788 /* SceneDelegate.swift in Sources */,
			);
			runOnlyForDeploymentPostprocessing = 0;
		};
/* End PBXSourcesBuildPhase section */

/* Begin PBXVariantGroup section */
		7C5D610325ED4A2800561788 /* Main.storyboard */ = {
			isa = PBXVariantGroup;
			children = (
				7C5D610425ED4A2800561788 /* Base */,
			);
			name = Main.storyboard;
			sourceTree = "<group>";
		};
		7C5D610825ED4A2B00561788 /* LaunchScreen.storyboard */ = {
			isa = PBXVariantGroup;
			children = (
				7C5D610925ED4A2B00561788 /* Base */,
			);
			name = LaunchScreen.storyboard;
			sourceTree = "<group>";
		};
/* End PBXVariantGroup section */

/* Begin XCBuildConfiguration section */
		7C5D610C25ED4A2B00561788 /* Debug */ = {
			isa = XCBuildConfiguration;
			buildSettings = {
				ALWAYS_SEARCH_USER_PATHS = NO;
				CLANG_ANALYZER_NONNULL = YES;
				CLANG_ANALYZER_NUMBER_OBJECT_CONVERSION = YES_AGGRESSIVE;
				CLANG_CXX_LANGUAGE_STANDARD = "gnu++14";
				CLANG_CXX_LIBRARY = "libc++";
				CLANG_ENABLE_MODULES = YES;
				CLANG_ENABLE_OBJC_ARC = YES;
				CLANG_ENABLE_OBJC_WEAK = YES;
				CLANG_WARN_BLOCK_CAPTURE_AUTORELEASING = YES;
				CLANG_WARN_BOOL_CONVERSION = YES;
				CLANG_WARN_COMMA = YES;
				CLANG_WARN_CONSTANT_CONVERSION = YES;
				CLANG_WARN_DEPRECATED_OBJC_IMPLEMENTATIONS = YES;
				CLANG_WARN_DIRECT_OBJC_ISA_USAGE = YES_ERROR;
				CLANG_WARN_DOCUMENTATION_COMMENTS = YES;
				CLANG_WARN_EMPTY_BODY = YES;
				CLANG_WARN_ENUM_CONVERSION = YES;
				CLANG_WARN_INFINITE_RECURSION = YES;
				CLANG_WARN_INT_CONVERSION = YES;
				CLANG_WARN_NON_LITERAL_NULL_CONVERSION = YES;
				CLANG_WARN_OBJC_IMPLICIT_RETAIN_SELF = YES;
				CLANG_WARN_OBJC_LITERAL_CONVERSION = YES;
				CLANG_WARN_OBJC_ROOT_CLASS = YES_ERROR;
				CLANG_WARN_QUOTED_INCLUDE_IN_FRAMEWORK_HEADER = YES;
				CLANG_WARN_RANGE_LOOP_ANALYSIS = YES;
				CLANG_WARN_STRICT_PROTOTYPES = YES;
				CLANG_WARN_SUSPICIOUS_MOVE = YES;
				CLANG_WARN_UNGUARDED_AVAILABILITY = YES_AGGRESSIVE;
				CLANG_WARN_UNREACHABLE_CODE = YES;
				CLANG_WARN__DUPLICATE_METHOD_MATCH = YES;
				COPY_PHASE_STRIP = NO;
				DEBUG_INFORMATION_FORMAT = dwarf;
				ENABLE_STRICT_OBJC_MSGSEND = YES;
				ENABLE_TESTABILITY = YES;
				GCC_C_LANGUAGE_STANDARD = gnu11;
				GCC_DYNAMIC_NO_PIC = NO;
				GCC_NO_COMMON_BLOCKS = YES;
				GCC_OPTIMIZATION_LEVEL = 0;
				GCC_PREPROCESSOR_DEFINITIONS = (
					"DEBUG=1",
					"$(inherited)",
				);
				GCC_WARN_64_TO_32_BIT_CONVERSION = YES;
				GCC_WARN_ABOUT_RETURN_TYPE = YES_ERROR;
				GCC_WARN_UNDECLARED_SELECTOR = YES;
				GCC_WARN_UNINITIALIZED_AUTOS = YES_AGGRESSIVE;
				GCC_WARN_UNUSED_FUNCTION = YES;
				GCC_WARN_UNUSED_VARIABLE = YES;
				IPHONEOS_DEPLOYMENT_TARGET = 14.4;
				MTL_ENABLE_DEBUG_INFO = INCLUDE_SOURCE;
				MTL_FAST_MATH = YES;
				ONLY_ACTIVE_ARCH = YES;
				SDKROOT = iphoneos;
				SWIFT_ACTIVE_COMPILATION_CONDITIONS = DEBUG;
				SWIFT_OPTIMIZATION_LEVEL = "-Onone";
			};
			name = Debug;
		};
		7C5D610D25ED4A2B00561788 /* Release */ = {
			isa = XCBuildConfiguration;
			buildSettings = {
				ALWAYS_SEARCH_USER_PATHS = NO;
				CLANG_ANALYZER_NONNULL = YES;
				CLANG_ANALYZER_NUMBER_OBJECT_CONVERSION = YES_AGGRESSIVE;
				CLANG_CXX_LANGUAGE_STANDARD = "gnu++14";
				CLANG_CXX_LIBRARY = "libc++";
				CLANG_ENABLE_MODULES = YES;
				CLANG_ENABLE_OBJC_ARC = YES;
				CLANG_ENABLE_OBJC_WEAK = YES;
				CLANG_WARN_BLOCK_CAPTURE_AUTORELEASING = YES;
				CLANG_WARN_BOOL_CONVERSION = YES;
				CLANG_WARN_COMMA = YES;
				CLANG_WARN_CONSTANT_CONVERSION = YES;
				CLANG_WARN_DEPRECATED_OBJC_IMPLEMENTATIONS = YES;
				CLANG_WARN_DIRECT_OBJC_ISA_USAGE = YES_ERROR;
				CLANG_WARN_DOCUMENTATION_COMMENTS = YES;
				CLANG_WARN_EMPTY_BODY = YES;
				CLANG_WARN_ENUM_CONVERSION = YES;
				CLANG_WARN_INFINITE_RECURSION = YES;
				CLANG_WARN_INT_CONVERSION = YES;
				CLANG_WARN_NON_LITERAL_NULL_CONVERSION = YES;
				CLANG_WARN_OBJC_IMPLICIT_RETAIN_SELF = YES;
				CLANG_WARN_OBJC_LITERAL_CONVERSION = YES;
				CLANG_WARN_OBJC_ROOT_CLASS = YES_ERROR;
				CLANG_WARN_QUOTED_INCLUDE_IN_FRAMEWORK_HEADER = YES;
				CLANG_WARN_RANGE_LOOP_ANALYSIS = YES;
				CLANG_WARN_STRICT_PROTOTYPES = YES;
				CLANG_WARN_SUSPICIOUS_MOVE = YES;
				CLANG_WARN_UNGUARDED_AVAILABILITY = YES_AGGRESSIVE;
				CLANG_WARN_UNREACHABLE_CODE = YES;
				CLANG_WARN__DUPLICATE_METHOD_MATCH = YES;
				COPY_PHASE_STRIP = NO;
				DEBUG_INFORMATION_FORMAT = "dwarf-with-dsym";
				ENABLE_NS_ASSERTIONS = NO;
				ENABLE_STRICT_OBJC_MSGSEND = YES;
				GCC_C_LANGUAGE_STANDARD = gnu11;
				GCC_NO_COMMON_BLOCKS = YES;
				GCC_WARN_64_TO_32_BIT_CONVERSION = YES;
				GCC_WARN_ABOUT_RETURN_TYPE = YES_ERROR;
				GCC_WARN_UNDECLARED_SELECTOR = YES;
				GCC_WARN_UNINITIALIZED_AUTOS = YES_AGGRESSIVE;
				GCC_WARN_UNUSED_FUNCTION = YES;
				GCC_WARN_UNUSED_VARIABLE = YES;
				IPHONEOS_DEPLOYMENT_TARGET = 14.4;
				MTL_ENABLE_DEBUG_INFO = NO;
				MTL_FAST_MATH = YES;
				SDKROOT = iphoneos;
				SWIFT_COMPILATION_MODE = wholemodule;
				SWIFT_OPTIMIZATION_LEVEL = "-O";
				VALIDATE_PRODUCT = YES;
			};
			name = Release;
		};
		7C5D610F25ED4A2B00561788 /* Debug */ = {
			isa = XCBuildConfiguration;
			baseConfigurationReference = F2C6EDE08C70AAA15B0A9135 /* Pods-LSTPopViewSwift.debug.xcconfig */;
			buildSettings = {
				ASSETCATALOG_COMPILER_APPICON_NAME = AppIcon;
				ASSETCATALOG_COMPILER_GLOBAL_ACCENT_COLOR_NAME = AccentColor;
				CODE_SIGN_STYLE = Automatic;
				DEVELOPMENT_TEAM = 98GU78792B;
				INFOPLIST_FILE = LSTPopViewSwift/Info.plist;
				LD_RUNPATH_SEARCH_PATHS = (
					"$(inherited)",
					"@executable_path/Frameworks",
				);
				PRODUCT_BUNDLE_IDENTIFIER = com.lst.www.LSTPopViewSwift;
				PRODUCT_NAME = "$(TARGET_NAME)";
				SWIFT_VERSION = 5.0;
				TARGETED_DEVICE_FAMILY = "1,2";
			};
			name = Debug;
		};
		7C5D611025ED4A2B00561788 /* Release */ = {
			isa = XCBuildConfiguration;
			baseConfigurationReference = 64930180558B03AE37841D65 /* Pods-LSTPopViewSwift.release.xcconfig */;
			buildSettings = {
				ASSETCATALOG_COMPILER_APPICON_NAME = AppIcon;
				ASSETCATALOG_COMPILER_GLOBAL_ACCENT_COLOR_NAME = AccentColor;
				CODE_SIGN_STYLE = Automatic;
				DEVELOPMENT_TEAM = 98GU78792B;
				INFOPLIST_FILE = LSTPopViewSwift/Info.plist;
				LD_RUNPATH_SEARCH_PATHS = (
					"$(inherited)",
					"@executable_path/Frameworks",
				);
				PRODUCT_BUNDLE_IDENTIFIER = com.lst.www.LSTPopViewSwift;
				PRODUCT_NAME = "$(TARGET_NAME)";
				SWIFT_VERSION = 5.0;
				TARGETED_DEVICE_FAMILY = "1,2";
			};
			name = Release;
		};
/* End XCBuildConfiguration section */

/* Begin XCConfigurationList section */
		7C5D60F525ED4A2800561788 /* Build configuration list for PBXProject "LSTPopViewSwift" */ = {
			isa = XCConfigurationList;
			buildConfigurations = (
				7C5D610C25ED4A2B00561788 /* Debug */,
				7C5D610D25ED4A2B00561788 /* Release */,
			);
			defaultConfigurationIsVisible = 0;
			defaultConfigurationName = Release;
		};
		7C5D610E25ED4A2B00561788 /* Build configuration list for PBXNativeTarget "LSTPopViewSwift" */ = {
			isa = XCConfigurationList;
			buildConfigurations = (
				7C5D610F25ED4A2B00561788 /* Debug */,
				7C5D611025ED4A2B00561788 /* Release */,
			);
			defaultConfigurationIsVisible = 0;
			defaultConfigurationName = Release;
		};
/* End XCConfigurationList section */
	};
	rootObject = 7C5D60F225ED4A2800561788 /* Project object */;
}
