// !$*UTF8*$!
{
	archiveVersion = 1;
	classes = {
	};
	objectVersion = 46;
	objects = {

/* Begin PBXBuildFile section */
		3139027D2451FC66004648F2 /* LSTPopViewWeChatView.m in Sources */ = {isa = PBXBuildFile; fileRef = 3139027C2451FC66004648F2 /* LSTPopViewWeChatView.m */; };
		3139027F2451FC79004648F2 /* LSTPopViewWeChatView.xib in Resources */ = {isa = PBXBuildFile; fileRef = 3139027E2451FC79004648F2 /* LSTPopViewWeChatView.xib */; };
		313902832452024C004648F2 /* LSTPopViewTranspondView.m in Sources */ = {isa = PBXBuildFile; fileRef = 313902822452024C004648F2 /* LSTPopViewTranspondView.m */; };
		313902872452043A004648F2 /* LSTPopViewUCView.m in Sources */ = {isa = PBXBuildFile; fileRef = 313902862452043A004648F2 /* LSTPopViewUCView.m */; };
		3139028B2452060D004648F2 /* LSTPopViewBaiDuView.m in Sources */ = {isa = PBXBuildFile; fileRef = 313902892452060D004648F2 /* LSTPopViewBaiDuView.m */; };
		313902902452750F004648F2 /* LSTPopViewrRSidebarView.m in Sources */ = {isa = PBXBuildFile; fileRef = 3139028F2452750F004648F2 /* LSTPopViewrRSidebarView.m */; };
		3139029324527537004648F2 /* LSTPopViewrLSidebarView.m in Sources */ = {isa = PBXBuildFile; fileRef = 3139029224527537004648F2 /* LSTPopViewrLSidebarView.m */; };
		313902952452754F004648F2 /* LSTPopViewrLSidebarView.xib in Resources */ = {isa = PBXBuildFile; fileRef = 313902942452754F004648F2 /* LSTPopViewrLSidebarView.xib */; };
		3139029A24528431004648F2 /* LSTPopViewCenterInputView.m in Sources */ = {isa = PBXBuildFile; fileRef = 3139029924528431004648F2 /* LSTPopViewCenterInputView.m */; };
		3139029D24528472004648F2 /* LSTPopViewBottomInputView.m in Sources */ = {isa = PBXBuildFile; fileRef = 3139029C24528472004648F2 /* LSTPopViewBottomInputView.m */; };
		3139029F245284AA004648F2 /* LSTPopViewBottomInputView.xib in Resources */ = {isa = PBXBuildFile; fileRef = 3139029E245284AA004648F2 /* LSTPopViewBottomInputView.xib */; };
		313902A124528735004648F2 /* LSTPopViewCenterInputView.xib in Resources */ = {isa = PBXBuildFile; fileRef = 313902A024528735004648F2 /* LSTPopViewCenterInputView.xib */; };
		313902A624528A3E004648F2 /* LSTPopViewLoadingCell.m in Sources */ = {isa = PBXBuildFile; fileRef = 313902A424528A3E004648F2 /* LSTPopViewLoadingCell.m */; };
		313902A724528A3E004648F2 /* LSTPopViewLoadingCell.xib in Resources */ = {isa = PBXBuildFile; fileRef = 313902A524528A3E004648F2 /* LSTPopViewLoadingCell.xib */; };
		313902AA245293E8004648F2 /* LSTPopViewloadingView.m in Sources */ = {isa = PBXBuildFile; fileRef = 313902A9245293E8004648F2 /* LSTPopViewloadingView.m */; };
		313902AC245293F6004648F2 /* LSTPopViewloadingView.xib in Resources */ = {isa = PBXBuildFile; fileRef = 313902AB245293F6004648F2 /* LSTPopViewloadingView.xib */; };
		31438A012411694800387B4E /* LSTBaseVC.m in Sources */ = {isa = PBXBuildFile; fileRef = 314389FF2411694800387B4E /* LSTBaseVC.m */; };
		31438A082411697000387B4E /* LSTPopViewTestView.m in Sources */ = {isa = PBXBuildFile; fileRef = 31438A022411697000387B4E /* LSTPopViewTestView.m */; };
		31438A092411697000387B4E /* LSTPopViewTestVC.m in Sources */ = {isa = PBXBuildFile; fileRef = 31438A032411697000387B4E /* LSTPopViewTestVC.m */; };
		31438A0A2411697000387B4E /* LSTPopViewTestVC.xib in Resources */ = {isa = PBXBuildFile; fileRef = 31438A052411697000387B4E /* LSTPopViewTestVC.xib */; };
		31438A0B2411697000387B4E /* LSTPopViewTestView.xib in Resources */ = {isa = PBXBuildFile; fileRef = 31438A072411697000387B4E /* LSTPopViewTestView.xib */; };
		31438A0F2411697C00387B4E /* LSTPopViewXibView.m in Sources */ = {isa = PBXBuildFile; fileRef = 31438A0C2411697C00387B4E /* LSTPopViewXibView.m */; };
		31438A102411697C00387B4E /* LSTPopViewXibView.xib in Resources */ = {isa = PBXBuildFile; fileRef = 31438A0E2411697C00387B4E /* LSTPopViewXibView.xib */; };
		31438A132411698B00387B4E /* LSTPopViewCodeView.m in Sources */ = {isa = PBXBuildFile; fileRef = 31438A112411698B00387B4E /* LSTPopViewCodeView.m */; };
		31438A1B241169A000387B4E /* LSTActionViewEmoji.m in Sources */ = {isa = PBXBuildFile; fileRef = 31438A142411699F00387B4E /* LSTActionViewEmoji.m */; };
		31438A1C241169A000387B4E /* LSTActionViewEmoji.xib in Resources */ = {isa = PBXBuildFile; fileRef = 31438A152411699F00387B4E /* LSTActionViewEmoji.xib */; };
		31438A1D241169A000387B4E /* LSTActionViewImage.m in Sources */ = {isa = PBXBuildFile; fileRef = 31438A16241169A000387B4E /* LSTActionViewImage.m */; };
		31438A1E241169A000387B4E /* LSTActionViewImage.xib in Resources */ = {isa = PBXBuildFile; fileRef = 31438A17241169A000387B4E /* LSTActionViewImage.xib */; };
		31438A1F241169A000387B4E /* actionViewImage.jpg in Resources */ = {isa = PBXBuildFile; fileRef = 31438A18241169A000387B4E /* actionViewImage.jpg */; };
		31438A22241169AE00387B4E /* LSTAlertViewVC.m in Sources */ = {isa = PBXBuildFile; fileRef = 31438A21241169AE00387B4E /* LSTAlertViewVC.m */; };
		31438A25241169BA00387B4E /* LSTSheetAlertViewVC.m in Sources */ = {isa = PBXBuildFile; fileRef = 31438A23241169BA00387B4E /* LSTSheetAlertViewVC.m */; };
		31438A2824116A5000387B4E /* LSTPopViewVC.m in Sources */ = {isa = PBXBuildFile; fileRef = 31438A2624116A5000387B4E /* LSTPopViewVC.m */; };
		31438A2A2411773E00387B4E /* demo.gif in Resources */ = {isa = PBXBuildFile; fileRef = 31438A292411773E00387B4E /* demo.gif */; };
		31438A2C2411774B00387B4E /* lst_logo.png in Resources */ = {isa = PBXBuildFile; fileRef = 31438A2B2411774B00387B4E /* lst_logo.png */; };
		3144E1E72447573C003C5D11 /* LSTAutoKeyboardVC.m in Sources */ = {isa = PBXBuildFile; fileRef = 3144E1E62447573C003C5D11 /* LSTAutoKeyboardVC.m */; };
		3144E1E92447585C003C5D11 /* LSTKeyboardXibView.xib in Resources */ = {isa = PBXBuildFile; fileRef = 3144E1E82447585C003C5D11 /* LSTKeyboardXibView.xib */; };
		3144E1EC2447586A003C5D11 /* LSTKeyboardXibView.m in Sources */ = {isa = PBXBuildFile; fileRef = 3144E1EB2447586A003C5D11 /* LSTKeyboardXibView.m */; };
		314CA8AB2455EDCE00E56E7B /* LSTPopViewdoyinView.m in Sources */ = {isa = PBXBuildFile; fileRef = 314CA8AA2455EDCE00E56E7B /* LSTPopViewdoyinView.m */; };
		314CA8AD2455EDD800E56E7B /* LSTPopViewdoyinView.xib in Resources */ = {isa = PBXBuildFile; fileRef = 314CA8AC2455EDD800E56E7B /* LSTPopViewdoyinView.xib */; };
		3150CEBE24339B9F00244B3A /* LSTMutiPopViewVC.m in Sources */ = {isa = PBXBuildFile; fileRef = 3150CEBD24339B9F00244B3A /* LSTMutiPopViewVC.m */; };
		3150CEC124339EF100244B3A /* LSTMutiPopView.m in Sources */ = {isa = PBXBuildFile; fileRef = 3150CEC024339EF100244B3A /* LSTMutiPopView.m */; };
		31CDCCF92451D8260037B813 /* LSTPopViewSceneVC.m in Sources */ = {isa = PBXBuildFile; fileRef = 31CDCCF82451D8260037B813 /* LSTPopViewSceneVC.m */; };
		31CDCD022451F0460037B813 /* LSTPopViewQQView.m in Sources */ = {isa = PBXBuildFile; fileRef = 31CDCD012451F0460037B813 /* LSTPopViewQQView.m */; };
		31CDCD042451F04D0037B813 /* LSTPopViewQQView.xib in Resources */ = {isa = PBXBuildFile; fileRef = 31CDCD032451F04D0037B813 /* LSTPopViewQQView.xib */; };
		31CDCD072451F7460037B813 /* LSTPopViewqqtopView.m in Sources */ = {isa = PBXBuildFile; fileRef = 31CDCD062451F7460037B813 /* LSTPopViewqqtopView.m */; };
		31CDCD092451F7520037B813 /* LSTPopViewqqtopView.xib in Resources */ = {isa = PBXBuildFile; fileRef = 31CDCD082451F7520037B813 /* LSTPopViewqqtopView.xib */; };
		31D8553A244E1A5B00BFC8E8 /* LSTPopViewRAMVC.m in Sources */ = {isa = PBXBuildFile; fileRef = 31D85539244E1A5A00BFC8E8 /* LSTPopViewRAMVC.m */; };
		31EAD61E245EAE36007620E7 /* LSTPopViewGroupTestVC.m in Sources */ = {isa = PBXBuildFile; fileRef = 31EAD61C245EAE36007620E7 /* LSTPopViewGroupTestVC.m */; };
		31EAD61F245EAE36007620E7 /* LSTPopViewGroupTestVC.xib in Resources */ = {isa = PBXBuildFile; fileRef = 31EAD61D245EAE36007620E7 /* LSTPopViewGroupTestVC.xib */; };
		31EAD622245EB8A9007620E7 /* LSTPopViewGroupTestView.m in Sources */ = {isa = PBXBuildFile; fileRef = 31EAD621245EB8A9007620E7 /* LSTPopViewGroupTestView.m */; };
		31EAD624245EB98E007620E7 /* LSTPopViewGroupTestView.xib in Resources */ = {isa = PBXBuildFile; fileRef = 31EAD623245EB98E007620E7 /* LSTPopViewGroupTestView.xib */; };
		31EBBDB6243110030059B4DE /* UPDATE_HISTORY.md in Resources */ = {isa = PBXBuildFile; fileRef = 31EBBDB5243110030059B4DE /* UPDATE_HISTORY.md */; };
		33852D31946BCE4C6F755FEA /* libPods-LSTPopView_Example.a in Frameworks */ = {isa = PBXBuildFile; fileRef = 65F401D6F088DFE0F3C22CAE /* libPods-LSTPopView_Example.a */; };
		6003F58E195388D20070C39A /* Foundation.framework in Frameworks */ = {isa = PBXBuildFile; fileRef = 6003F58D195388D20070C39A /* Foundation.framework */; };
		6003F590195388D20070C39A /* CoreGraphics.framework in Frameworks */ = {isa = PBXBuildFile; fileRef = 6003F58F195388D20070C39A /* CoreGraphics.framework */; };
		6003F592195388D20070C39A /* UIKit.framework in Frameworks */ = {isa = PBXBuildFile; fileRef = 6003F591195388D20070C39A /* UIKit.framework */; };
		6003F598195388D20070C39A /* InfoPlist.strings in Resources */ = {isa = PBXBuildFile; fileRef = 6003F596195388D20070C39A /* InfoPlist.strings */; };
		6003F59A195388D20070C39A /* main.m in Sources */ = {isa = PBXBuildFile; fileRef = 6003F599195388D20070C39A /* main.m */; };
		6003F59E195388D20070C39A /* LSTAppDelegate.m in Sources */ = {isa = PBXBuildFile; fileRef = 6003F59D195388D20070C39A /* LSTAppDelegate.m */; };
		6003F5A7195388D20070C39A /* LSTViewController.m in Sources */ = {isa = PBXBuildFile; fileRef = 6003F5A6195388D20070C39A /* LSTViewController.m */; };
		6003F5A9195388D20070C39A /* Images.xcassets in Resources */ = {isa = PBXBuildFile; fileRef = 6003F5A8195388D20070C39A /* Images.xcassets */; };
		6003F5B0195388D20070C39A /* XCTest.framework in Frameworks */ = {isa = PBXBuildFile; fileRef = 6003F5AF195388D20070C39A /* XCTest.framework */; };
		6003F5B1195388D20070C39A /* Foundation.framework in Frameworks */ = {isa = PBXBuildFile; fileRef = 6003F58D195388D20070C39A /* Foundation.framework */; };
		6003F5B2195388D20070C39A /* UIKit.framework in Frameworks */ = {isa = PBXBuildFile; fileRef = 6003F591195388D20070C39A /* UIKit.framework */; };
		6003F5BA195388D20070C39A /* InfoPlist.strings in Resources */ = {isa = PBXBuildFile; fileRef = 6003F5B8195388D20070C39A /* InfoPlist.strings */; };
		6003F5BC195388D20070C39A /* Tests.m in Sources */ = {isa = PBXBuildFile; fileRef = 6003F5BB195388D20070C39A /* Tests.m */; };
		71719F9F1E33DC2100824A3D /* LaunchScreen.storyboard in Resources */ = {isa = PBXBuildFile; fileRef = 71719F9D1E33DC2100824A3D /* LaunchScreen.storyboard */; };
		873B8AEB1B1F5CCA007FD442 /* Main.storyboard in Resources */ = {isa = PBXBuildFile; fileRef = 873B8AEA1B1F5CCA007FD442 /* Main.storyboard */; };
		D35BE7DC0B5EB2623922B004 /* libPods-LSTPopView_Tests.a in Frameworks */ = {isa = PBXBuildFile; fileRef = 9C5865DF78541A9FA0B2DEA4 /* libPods-LSTPopView_Tests.a */; };
/* End PBXBuildFile section */

/* Begin PBXContainerItemProxy section */
		6003F5B3195388D20070C39A /* PBXContainerItemProxy */ = {
			isa = PBXContainerItemProxy;
			containerPortal = 6003F582195388D10070C39A /* Project object */;
			proxyType = 1;
			remoteGlobalIDString = 6003F589195388D20070C39A;
			remoteInfo = LSTPopView;
		};
/* End PBXContainerItemProxy section */

/* Begin PBXFileReference section */
		038CEC63B34760C327FDAD98 /* LICENSE */ = {isa = PBXFileReference; includeInIndex = 1; lastKnownFileType = text; name = LICENSE; path = ../LICENSE; sourceTree = "<group>"; };
		0BDD3070AE4FDB6F9CD60EEB /* Pods-LSTPopView_Tests.release.xcconfig */ = {isa = PBXFileReference; includeInIndex = 1; lastKnownFileType = text.xcconfig; name = "Pods-LSTPopView_Tests.release.xcconfig"; path = "Target Support Files/Pods-LSTPopView_Tests/Pods-LSTPopView_Tests.release.xcconfig"; sourceTree = "<group>"; };
		3139027B2451FC66004648F2 /* LSTPopViewWeChatView.h */ = {isa = PBXFileReference; lastKnownFileType = sourcecode.c.h; path = LSTPopViewWeChatView.h; sourceTree = "<group>"; };
		3139027C2451FC66004648F2 /* LSTPopViewWeChatView.m */ = {isa = PBXFileReference; lastKnownFileType = sourcecode.c.objc; path = LSTPopViewWeChatView.m; sourceTree = "<group>"; };
		3139027E2451FC79004648F2 /* LSTPopViewWeChatView.xib */ = {isa = PBXFileReference; lastKnownFileType = file.xib; path = LSTPopViewWeChatView.xib; sourceTree = "<group>"; };
		313902812452024C004648F2 /* LSTPopViewTranspondView.h */ = {isa = PBXFileReference; lastKnownFileType = sourcecode.c.h; path = LSTPopViewTranspondView.h; sourceTree = "<group>"; };
		313902822452024C004648F2 /* LSTPopViewTranspondView.m */ = {isa = PBXFileReference; lastKnownFileType = sourcecode.c.objc; path = LSTPopViewTranspondView.m; sourceTree = "<group>"; };
		313902852452043A004648F2 /* LSTPopViewUCView.h */ = {isa = PBXFileReference; fileEncoding = 4; lastKnownFileType = sourcecode.c.h; path = LSTPopViewUCView.h; sourceTree = "<group>"; };
		313902862452043A004648F2 /* LSTPopViewUCView.m */ = {isa = PBXFileReference; fileEncoding = 4; lastKnownFileType = sourcecode.c.objc; path = LSTPopViewUCView.m; sourceTree = "<group>"; };
		313902892452060D004648F2 /* LSTPopViewBaiDuView.m */ = {isa = PBXFileReference; fileEncoding = 4; lastKnownFileType = sourcecode.c.objc; path = LSTPopViewBaiDuView.m; sourceTree = "<group>"; };
		3139028A2452060D004648F2 /* LSTPopViewBaiDuView.h */ = {isa = PBXFileReference; fileEncoding = 4; lastKnownFileType = sourcecode.c.h; path = LSTPopViewBaiDuView.h; sourceTree = "<group>"; };
		3139028E2452750F004648F2 /* LSTPopViewrRSidebarView.h */ = {isa = PBXFileReference; lastKnownFileType = sourcecode.c.h; path = LSTPopViewrRSidebarView.h; sourceTree = "<group>"; };
		3139028F2452750F004648F2 /* LSTPopViewrRSidebarView.m */ = {isa = PBXFileReference; lastKnownFileType = sourcecode.c.objc; path = LSTPopViewrRSidebarView.m; sourceTree = "<group>"; };
		3139029124527537004648F2 /* LSTPopViewrLSidebarView.h */ = {isa = PBXFileReference; lastKnownFileType = sourcecode.c.h; path = LSTPopViewrLSidebarView.h; sourceTree = "<group>"; };
		3139029224527537004648F2 /* LSTPopViewrLSidebarView.m */ = {isa = PBXFileReference; lastKnownFileType = sourcecode.c.objc; path = LSTPopViewrLSidebarView.m; sourceTree = "<group>"; };
		313902942452754F004648F2 /* LSTPopViewrLSidebarView.xib */ = {isa = PBXFileReference; lastKnownFileType = file.xib; path = LSTPopViewrLSidebarView.xib; sourceTree = "<group>"; };
		3139029824528431004648F2 /* LSTPopViewCenterInputView.h */ = {isa = PBXFileReference; lastKnownFileType = sourcecode.c.h; path = LSTPopViewCenterInputView.h; sourceTree = "<group>"; };
		3139029924528431004648F2 /* LSTPopViewCenterInputView.m */ = {isa = PBXFileReference; lastKnownFileType = sourcecode.c.objc; path = LSTPopViewCenterInputView.m; sourceTree = "<group>"; };
		3139029B24528472004648F2 /* LSTPopViewBottomInputView.h */ = {isa = PBXFileReference; lastKnownFileType = sourcecode.c.h; path = LSTPopViewBottomInputView.h; sourceTree = "<group>"; };
		3139029C24528472004648F2 /* LSTPopViewBottomInputView.m */ = {isa = PBXFileReference; lastKnownFileType = sourcecode.c.objc; path = LSTPopViewBottomInputView.m; sourceTree = "<group>"; };
		3139029E245284AA004648F2 /* LSTPopViewBottomInputView.xib */ = {isa = PBXFileReference; lastKnownFileType = file.xib; path = LSTPopViewBottomInputView.xib; sourceTree = "<group>"; };
		313902A024528735004648F2 /* LSTPopViewCenterInputView.xib */ = {isa = PBXFileReference; lastKnownFileType = file.xib; path = LSTPopViewCenterInputView.xib; sourceTree = "<group>"; };
		313902A324528A3E004648F2 /* LSTPopViewLoadingCell.h */ = {isa = PBXFileReference; lastKnownFileType = sourcecode.c.h; path = LSTPopViewLoadingCell.h; sourceTree = "<group>"; };
		313902A424528A3E004648F2 /* LSTPopViewLoadingCell.m */ = {isa = PBXFileReference; lastKnownFileType = sourcecode.c.objc; path = LSTPopViewLoadingCell.m; sourceTree = "<group>"; };
		313902A524528A3E004648F2 /* LSTPopViewLoadingCell.xib */ = {isa = PBXFileReference; lastKnownFileType = file.xib; path = LSTPopViewLoadingCell.xib; sourceTree = "<group>"; };
		313902A8245293E8004648F2 /* LSTPopViewloadingView.h */ = {isa = PBXFileReference; lastKnownFileType = sourcecode.c.h; path = LSTPopViewloadingView.h; sourceTree = "<group>"; };
		313902A9245293E8004648F2 /* LSTPopViewloadingView.m */ = {isa = PBXFileReference; lastKnownFileType = sourcecode.c.objc; path = LSTPopViewloadingView.m; sourceTree = "<group>"; };
		313902AB245293F6004648F2 /* LSTPopViewloadingView.xib */ = {isa = PBXFileReference; lastKnownFileType = file.xib; path = LSTPopViewloadingView.xib; sourceTree = "<group>"; };
		314389FF2411694800387B4E /* LSTBaseVC.m */ = {isa = PBXFileReference; fileEncoding = 4; lastKnownFileType = sourcecode.c.objc; path = LSTBaseVC.m; sourceTree = "<group>"; };
		31438A002411694800387B4E /* LSTBaseVC.h */ = {isa = PBXFileReference; fileEncoding = 4; lastKnownFileType = sourcecode.c.h; path = LSTBaseVC.h; sourceTree = "<group>"; };
		31438A022411697000387B4E /* LSTPopViewTestView.m */ = {isa = PBXFileReference; fileEncoding = 4; lastKnownFileType = sourcecode.c.objc; path = LSTPopViewTestView.m; sourceTree = "<group>"; };
		31438A032411697000387B4E /* LSTPopViewTestVC.m */ = {isa = PBXFileReference; fileEncoding = 4; lastKnownFileType = sourcecode.c.objc; path = LSTPopViewTestVC.m; sourceTree = "<group>"; };
		31438A042411697000387B4E /* LSTPopViewTestVC.h */ = {isa = PBXFileReference; fileEncoding = 4; lastKnownFileType = sourcecode.c.h; path = LSTPopViewTestVC.h; sourceTree = "<group>"; };
		31438A052411697000387B4E /* LSTPopViewTestVC.xib */ = {isa = PBXFileReference; fileEncoding = 4; lastKnownFileType = file.xib; path = LSTPopViewTestVC.xib; sourceTree = "<group>"; };
		31438A062411697000387B4E /* LSTPopViewTestView.h */ = {isa = PBXFileReference; fileEncoding = 4; lastKnownFileType = sourcecode.c.h; path = LSTPopViewTestView.h; sourceTree = "<group>"; };
		31438A072411697000387B4E /* LSTPopViewTestView.xib */ = {isa = PBXFileReference; fileEncoding = 4; lastKnownFileType = file.xib; path = LSTPopViewTestView.xib; sourceTree = "<group>"; };
		31438A0C2411697C00387B4E /* LSTPopViewXibView.m */ = {isa = PBXFileReference; fileEncoding = 4; lastKnownFileType = sourcecode.c.objc; path = LSTPopViewXibView.m; sourceTree = "<group>"; };
		31438A0D2411697C00387B4E /* LSTPopViewXibView.h */ = {isa = PBXFileReference; fileEncoding = 4; lastKnownFileType = sourcecode.c.h; path = LSTPopViewXibView.h; sourceTree = "<group>"; };
		31438A0E2411697C00387B4E /* LSTPopViewXibView.xib */ = {isa = PBXFileReference; fileEncoding = 4; lastKnownFileType = file.xib; path = LSTPopViewXibView.xib; sourceTree = "<group>"; };
		31438A112411698B00387B4E /* LSTPopViewCodeView.m */ = {isa = PBXFileReference; fileEncoding = 4; lastKnownFileType = sourcecode.c.objc; path = LSTPopViewCodeView.m; sourceTree = "<group>"; };
		31438A122411698B00387B4E /* LSTPopViewCodeView.h */ = {isa = PBXFileReference; fileEncoding = 4; lastKnownFileType = sourcecode.c.h; path = LSTPopViewCodeView.h; sourceTree = "<group>"; };
		31438A142411699F00387B4E /* LSTActionViewEmoji.m */ = {isa = PBXFileReference; fileEncoding = 4; lastKnownFileType = sourcecode.c.objc; path = LSTActionViewEmoji.m; sourceTree = "<group>"; };
		31438A152411699F00387B4E /* LSTActionViewEmoji.xib */ = {isa = PBXFileReference; fileEncoding = 4; lastKnownFileType = file.xib; path = LSTActionViewEmoji.xib; sourceTree = "<group>"; };
		31438A16241169A000387B4E /* LSTActionViewImage.m */ = {isa = PBXFileReference; fileEncoding = 4; lastKnownFileType = sourcecode.c.objc; path = LSTActionViewImage.m; sourceTree = "<group>"; };
		31438A17241169A000387B4E /* LSTActionViewImage.xib */ = {isa = PBXFileReference; fileEncoding = 4; lastKnownFileType = file.xib; path = LSTActionViewImage.xib; sourceTree = "<group>"; };
		31438A18241169A000387B4E /* actionViewImage.jpg */ = {isa = PBXFileReference; lastKnownFileType = image.jpeg; path = actionViewImage.jpg; sourceTree = "<group>"; };
		31438A19241169A000387B4E /* LSTActionViewEmoji.h */ = {isa = PBXFileReference; fileEncoding = 4; lastKnownFileType = sourcecode.c.h; path = LSTActionViewEmoji.h; sourceTree = "<group>"; };
		31438A1A241169A000387B4E /* LSTActionViewImage.h */ = {isa = PBXFileReference; fileEncoding = 4; lastKnownFileType = sourcecode.c.h; path = LSTActionViewImage.h; sourceTree = "<group>"; };
		31438A20241169AE00387B4E /* LSTAlertViewVC.h */ = {isa = PBXFileReference; fileEncoding = 4; lastKnownFileType = sourcecode.c.h; path = LSTAlertViewVC.h; sourceTree = "<group>"; };
		31438A21241169AE00387B4E /* LSTAlertViewVC.m */ = {isa = PBXFileReference; fileEncoding = 4; lastKnownFileType = sourcecode.c.objc; path = LSTAlertViewVC.m; sourceTree = "<group>"; };
		31438A23241169BA00387B4E /* LSTSheetAlertViewVC.m */ = {isa = PBXFileReference; fileEncoding = 4; lastKnownFileType = sourcecode.c.objc; path = LSTSheetAlertViewVC.m; sourceTree = "<group>"; };
		31438A24241169BA00387B4E /* LSTSheetAlertViewVC.h */ = {isa = PBXFileReference; fileEncoding = 4; lastKnownFileType = sourcecode.c.h; path = LSTSheetAlertViewVC.h; sourceTree = "<group>"; };
		31438A2624116A5000387B4E /* LSTPopViewVC.m */ = {isa = PBXFileReference; fileEncoding = 4; lastKnownFileType = sourcecode.c.objc; path = LSTPopViewVC.m; sourceTree = "<group>"; };
		31438A2724116A5000387B4E /* LSTPopViewVC.h */ = {isa = PBXFileReference; fileEncoding = 4; lastKnownFileType = sourcecode.c.h; path = LSTPopViewVC.h; sourceTree = "<group>"; };
		31438A292411773E00387B4E /* demo.gif */ = {isa = PBXFileReference; lastKnownFileType = image.gif; path = demo.gif; sourceTree = "<group>"; };
		31438A2B2411774B00387B4E /* lst_logo.png */ = {isa = PBXFileReference; lastKnownFileType = image.png; path = lst_logo.png; sourceTree = "<group>"; };
		3144E1E52447573C003C5D11 /* LSTAutoKeyboardVC.h */ = {isa = PBXFileReference; lastKnownFileType = sourcecode.c.h; path = LSTAutoKeyboardVC.h; sourceTree = "<group>"; };
		3144E1E62447573C003C5D11 /* LSTAutoKeyboardVC.m */ = {isa = PBXFileReference; lastKnownFileType = sourcecode.c.objc; path = LSTAutoKeyboardVC.m; sourceTree = "<group>"; };
		3144E1E82447585C003C5D11 /* LSTKeyboardXibView.xib */ = {isa = PBXFileReference; lastKnownFileType = file.xib; path = LSTKeyboardXibView.xib; sourceTree = "<group>"; };
		3144E1EA2447586A003C5D11 /* LSTKeyboardXibView.h */ = {isa = PBXFileReference; lastKnownFileType = sourcecode.c.h; path = LSTKeyboardXibView.h; sourceTree = "<group>"; };
		3144E1EB2447586A003C5D11 /* LSTKeyboardXibView.m */ = {isa = PBXFileReference; lastKnownFileType = sourcecode.c.objc; path = LSTKeyboardXibView.m; sourceTree = "<group>"; };
		314CA8A92455EDCE00E56E7B /* LSTPopViewdoyinView.h */ = {isa = PBXFileReference; lastKnownFileType = sourcecode.c.h; path = LSTPopViewdoyinView.h; sourceTree = "<group>"; };
		314CA8AA2455EDCE00E56E7B /* LSTPopViewdoyinView.m */ = {isa = PBXFileReference; lastKnownFileType = sourcecode.c.objc; path = LSTPopViewdoyinView.m; sourceTree = "<group>"; };
		314CA8AC2455EDD800E56E7B /* LSTPopViewdoyinView.xib */ = {isa = PBXFileReference; lastKnownFileType = file.xib; path = LSTPopViewdoyinView.xib; sourceTree = "<group>"; };
		3150CEBC24339B9F00244B3A /* LSTMutiPopViewVC.h */ = {isa = PBXFileReference; lastKnownFileType = sourcecode.c.h; path = LSTMutiPopViewVC.h; sourceTree = "<group>"; };
		3150CEBD24339B9F00244B3A /* LSTMutiPopViewVC.m */ = {isa = PBXFileReference; lastKnownFileType = sourcecode.c.objc; path = LSTMutiPopViewVC.m; sourceTree = "<group>"; };
		3150CEBF24339EF100244B3A /* LSTMutiPopView.h */ = {isa = PBXFileReference; lastKnownFileType = sourcecode.c.h; path = LSTMutiPopView.h; sourceTree = "<group>"; };
		3150CEC024339EF100244B3A /* LSTMutiPopView.m */ = {isa = PBXFileReference; lastKnownFileType = sourcecode.c.objc; path = LSTMutiPopView.m; sourceTree = "<group>"; };
		31CDCCF72451D8260037B813 /* LSTPopViewSceneVC.h */ = {isa = PBXFileReference; lastKnownFileType = sourcecode.c.h; path = LSTPopViewSceneVC.h; sourceTree = "<group>"; };
		31CDCCF82451D8260037B813 /* LSTPopViewSceneVC.m */ = {isa = PBXFileReference; lastKnownFileType = sourcecode.c.objc; path = LSTPopViewSceneVC.m; sourceTree = "<group>"; };
		31CDCD002451F0460037B813 /* LSTPopViewQQView.h */ = {isa = PBXFileReference; lastKnownFileType = sourcecode.c.h; path = LSTPopViewQQView.h; sourceTree = "<group>"; };
		31CDCD012451F0460037B813 /* LSTPopViewQQView.m */ = {isa = PBXFileReference; lastKnownFileType = sourcecode.c.objc; path = LSTPopViewQQView.m; sourceTree = "<group>"; };
		31CDCD032451F04D0037B813 /* LSTPopViewQQView.xib */ = {isa = PBXFileReference; lastKnownFileType = file.xib; path = LSTPopViewQQView.xib; sourceTree = "<group>"; };
		31CDCD052451F7460037B813 /* LSTPopViewqqtopView.h */ = {isa = PBXFileReference; lastKnownFileType = sourcecode.c.h; path = LSTPopViewqqtopView.h; sourceTree = "<group>"; };
		31CDCD062451F7460037B813 /* LSTPopViewqqtopView.m */ = {isa = PBXFileReference; lastKnownFileType = sourcecode.c.objc; path = LSTPopViewqqtopView.m; sourceTree = "<group>"; };
		31CDCD082451F7520037B813 /* LSTPopViewqqtopView.xib */ = {isa = PBXFileReference; lastKnownFileType = file.xib; path = LSTPopViewqqtopView.xib; sourceTree = "<group>"; };
		31D85538244E1A5A00BFC8E8 /* LSTPopViewRAMVC.h */ = {isa = PBXFileReference; lastKnownFileType = sourcecode.c.h; path = LSTPopViewRAMVC.h; sourceTree = "<group>"; };
		31D85539244E1A5A00BFC8E8 /* LSTPopViewRAMVC.m */ = {isa = PBXFileReference; lastKnownFileType = sourcecode.c.objc; path = LSTPopViewRAMVC.m; sourceTree = "<group>"; };
		31EAD61B245EAE36007620E7 /* LSTPopViewGroupTestVC.h */ = {isa = PBXFileReference; lastKnownFileType = sourcecode.c.h; path = LSTPopViewGroupTestVC.h; sourceTree = "<group>"; };
		31EAD61C245EAE36007620E7 /* LSTPopViewGroupTestVC.m */ = {isa = PBXFileReference; lastKnownFileType = sourcecode.c.objc; path = LSTPopViewGroupTestVC.m; sourceTree = "<group>"; };
		31EAD61D245EAE36007620E7 /* LSTPopViewGroupTestVC.xib */ = {isa = PBXFileReference; lastKnownFileType = file.xib; path = LSTPopViewGroupTestVC.xib; sourceTree = "<group>"; };
		31EAD620245EB8A9007620E7 /* LSTPopViewGroupTestView.h */ = {isa = PBXFileReference; lastKnownFileType = sourcecode.c.h; path = LSTPopViewGroupTestView.h; sourceTree = "<group>"; };
		31EAD621245EB8A9007620E7 /* LSTPopViewGroupTestView.m */ = {isa = PBXFileReference; lastKnownFileType = sourcecode.c.objc; path = LSTPopViewGroupTestView.m; sourceTree = "<group>"; };
		31EAD623245EB98E007620E7 /* LSTPopViewGroupTestView.xib */ = {isa = PBXFileReference; lastKnownFileType = file.xib; path = LSTPopViewGroupTestView.xib; sourceTree = "<group>"; };
		31EBBDB5243110030059B4DE /* UPDATE_HISTORY.md */ = {isa = PBXFileReference; fileEncoding = 4; lastKnownFileType = net.daringfireball.markdown; name = UPDATE_HISTORY.md; path = ../UPDATE_HISTORY.md; sourceTree = "<group>"; };
		6003F58A195388D20070C39A /* LSTPopView.app */ = {isa = PBXFileReference; explicitFileType = wrapper.application; includeInIndex = 0; path = LSTPopView.app; sourceTree = BUILT_PRODUCTS_DIR; };
		6003F58D195388D20070C39A /* Foundation.framework */ = {isa = PBXFileReference; lastKnownFileType = wrapper.framework; name = Foundation.framework; path = System/Library/Frameworks/Foundation.framework; sourceTree = SDKROOT; };
		6003F58F195388D20070C39A /* CoreGraphics.framework */ = {isa = PBXFileReference; lastKnownFileType = wrapper.framework; name = CoreGraphics.framework; path = System/Library/Frameworks/CoreGraphics.framework; sourceTree = SDKROOT; };
		6003F591195388D20070C39A /* UIKit.framework */ = {isa = PBXFileReference; lastKnownFileType = wrapper.framework; name = UIKit.framework; path = System/Library/Frameworks/UIKit.framework; sourceTree = SDKROOT; };
		6003F595195388D20070C39A /* LSTPopView-Info.plist */ = {isa = PBXFileReference; lastKnownFileType = text.plist.xml; path = "LSTPopView-Info.plist"; sourceTree = "<group>"; };
		6003F597195388D20070C39A /* en */ = {isa = PBXFileReference; lastKnownFileType = text.plist.strings; name = en; path = en.lproj/InfoPlist.strings; sourceTree = "<group>"; };
		6003F599195388D20070C39A /* main.m */ = {isa = PBXFileReference; lastKnownFileType = sourcecode.c.objc; path = main.m; sourceTree = "<group>"; };
		6003F59B195388D20070C39A /* LSTPopView-Prefix.pch */ = {isa = PBXFileReference; lastKnownFileType = sourcecode.c.h; path = "LSTPopView-Prefix.pch"; sourceTree = "<group>"; };
		6003F59C195388D20070C39A /* LSTAppDelegate.h */ = {isa = PBXFileReference; lastKnownFileType = sourcecode.c.h; path = LSTAppDelegate.h; sourceTree = "<group>"; };
		6003F59D195388D20070C39A /* LSTAppDelegate.m */ = {isa = PBXFileReference; lastKnownFileType = sourcecode.c.objc; path = LSTAppDelegate.m; sourceTree = "<group>"; };
		6003F5A5195388D20070C39A /* LSTViewController.h */ = {isa = PBXFileReference; lastKnownFileType = sourcecode.c.h; path = LSTViewController.h; sourceTree = "<group>"; };
		6003F5A6195388D20070C39A /* LSTViewController.m */ = {isa = PBXFileReference; lastKnownFileType = sourcecode.c.objc; path = LSTViewController.m; sourceTree = "<group>"; };
		6003F5A8195388D20070C39A /* Images.xcassets */ = {isa = PBXFileReference; lastKnownFileType = folder.assetcatalog; path = Images.xcassets; sourceTree = "<group>"; };
		6003F5AE195388D20070C39A /* LSTPopView_Tests.xctest */ = {isa = PBXFileReference; explicitFileType = wrapper.cfbundle; includeInIndex = 0; path = LSTPopView_Tests.xctest; sourceTree = BUILT_PRODUCTS_DIR; };
		6003F5AF195388D20070C39A /* XCTest.framework */ = {isa = PBXFileReference; lastKnownFileType = wrapper.framework; name = XCTest.framework; path = Library/Frameworks/XCTest.framework; sourceTree = DEVELOPER_DIR; };
		6003F5B7195388D20070C39A /* Tests-Info.plist */ = {isa = PBXFileReference; lastKnownFileType = text.plist.xml; path = "Tests-Info.plist"; sourceTree = "<group>"; };
		6003F5B9195388D20070C39A /* en */ = {isa = PBXFileReference; lastKnownFileType = text.plist.strings; name = en; path = en.lproj/InfoPlist.strings; sourceTree = "<group>"; };
		6003F5BB195388D20070C39A /* Tests.m */ = {isa = PBXFileReference; lastKnownFileType = sourcecode.c.objc; path = Tests.m; sourceTree = "<group>"; };
		606FC2411953D9B200FFA9A0 /* Tests-Prefix.pch */ = {isa = PBXFileReference; lastKnownFileType = sourcecode.c.h; path = "Tests-Prefix.pch"; sourceTree = "<group>"; };
		65F401D6F088DFE0F3C22CAE /* libPods-LSTPopView_Example.a */ = {isa = PBXFileReference; explicitFileType = archive.ar; includeInIndex = 0; path = "libPods-LSTPopView_Example.a"; sourceTree = BUILT_PRODUCTS_DIR; };
		71719F9E1E33DC2100824A3D /* Base */ = {isa = PBXFileReference; lastKnownFileType = file.storyboard; name = Base; path = Base.lproj/LaunchScreen.storyboard; sourceTree = "<group>"; };
		873B8AEA1B1F5CCA007FD442 /* Main.storyboard */ = {isa = PBXFileReference; fileEncoding = 4; lastKnownFileType = file.storyboard; name = Main.storyboard; path = Base.lproj/Main.storyboard; sourceTree = "<group>"; };
		9187EEEF2ED2937C7B19795A /* Pods-LSTPopView_Example.release.xcconfig */ = {isa = PBXFileReference; includeInIndex = 1; lastKnownFileType = text.xcconfig; name = "Pods-LSTPopView_Example.release.xcconfig"; path = "Target Support Files/Pods-LSTPopView_Example/Pods-LSTPopView_Example.release.xcconfig"; sourceTree = "<group>"; };
		9C5865DF78541A9FA0B2DEA4 /* libPods-LSTPopView_Tests.a */ = {isa = PBXFileReference; explicitFileType = archive.ar; includeInIndex = 0; path = "libPods-LSTPopView_Tests.a"; sourceTree = BUILT_PRODUCTS_DIR; };
		A1A3B8DC8F645A2E3A4D3F55 /* LSTPopView.podspec */ = {isa = PBXFileReference; includeInIndex = 1; lastKnownFileType = text; name = LSTPopView.podspec; path = ../LSTPopView.podspec; sourceTree = "<group>"; xcLanguageSpecificationIdentifier = xcode.lang.ruby; };
		B2FC140E090D63A96953DBD3 /* README.md */ = {isa = PBXFileReference; includeInIndex = 1; lastKnownFileType = net.daringfireball.markdown; name = README.md; path = ../README.md; sourceTree = "<group>"; };
		B7DF4F9C390975AA25E2745C /* Pods-LSTPopView_Example.debug.xcconfig */ = {isa = PBXFileReference; includeInIndex = 1; lastKnownFileType = text.xcconfig; name = "Pods-LSTPopView_Example.debug.xcconfig"; path = "Target Support Files/Pods-LSTPopView_Example/Pods-LSTPopView_Example.debug.xcconfig"; sourceTree = "<group>"; };
		F50E16F14DD91026EA18B325 /* Pods-LSTPopView_Tests.debug.xcconfig */ = {isa = PBXFileReference; includeInIndex = 1; lastKnownFileType = text.xcconfig; name = "Pods-LSTPopView_Tests.debug.xcconfig"; path = "Target Support Files/Pods-LSTPopView_Tests/Pods-LSTPopView_Tests.debug.xcconfig"; sourceTree = "<group>"; };
/* End PBXFileReference section */

/* Begin PBXFrameworksBuildPhase section */
		6003F587195388D20070C39A /* Frameworks */ = {
			isa = PBXFrameworksBuildPhase;
			buildActionMask = 2147483647;
			files = (
				6003F590195388D20070C39A /* CoreGraphics.framework in Frameworks */,
				6003F592195388D20070C39A /* UIKit.framework in Frameworks */,
				6003F58E195388D20070C39A /* Foundation.framework in Frameworks */,
				33852D31946BCE4C6F755FEA /* libPods-LSTPopView_Example.a in Frameworks */,
			);
			runOnlyForDeploymentPostprocessing = 0;
		};
		6003F5AB195388D20070C39A /* Frameworks */ = {
			isa = PBXFrameworksBuildPhase;
			buildActionMask = 2147483647;
			files = (
				6003F5B0195388D20070C39A /* XCTest.framework in Frameworks */,
				6003F5B2195388D20070C39A /* UIKit.framework in Frameworks */,
				6003F5B1195388D20070C39A /* Foundation.framework in Frameworks */,
				D35BE7DC0B5EB2623922B004 /* libPods-LSTPopView_Tests.a in Frameworks */,
			);
			runOnlyForDeploymentPostprocessing = 0;
		};
/* End PBXFrameworksBuildPhase section */

/* Begin PBXGroup section */
		2F3CAF8D06494A2EA1B66F3E /* Pods */ = {
			isa = PBXGroup;
			children = (
				B7DF4F9C390975AA25E2745C /* Pods-LSTPopView_Example.debug.xcconfig */,
				9187EEEF2ED2937C7B19795A /* Pods-LSTPopView_Example.release.xcconfig */,
				F50E16F14DD91026EA18B325 /* Pods-LSTPopView_Tests.debug.xcconfig */,
				0BDD3070AE4FDB6F9CD60EEB /* Pods-LSTPopView_Tests.release.xcconfig */,
			);
			path = Pods;
			sourceTree = "<group>";
		};
		3139027A2451FC3A004648F2 /* 类微信1微博底部弹框 */ = {
			isa = PBXGroup;
			children = (
				3139027B2451FC66004648F2 /* LSTPopViewWeChatView.h */,
				3139027C2451FC66004648F2 /* LSTPopViewWeChatView.m */,
				3139027E2451FC79004648F2 /* LSTPopViewWeChatView.xib */,
			);
			path = "类微信1微博底部弹框";
			sourceTree = "<group>";
		};
		3139028024520226004648F2 /* 微信转发 */ = {
			isa = PBXGroup;
			children = (
				313902812452024C004648F2 /* LSTPopViewTranspondView.h */,
				313902822452024C004648F2 /* LSTPopViewTranspondView.m */,
			);
			path = "微信转发";
			sourceTree = "<group>";
		};
		3139028424520414004648F2 /* uc分享 */ = {
			isa = PBXGroup;
			children = (
				313902852452043A004648F2 /* LSTPopViewUCView.h */,
				313902862452043A004648F2 /* LSTPopViewUCView.m */,
			);
			path = "uc分享";
			sourceTree = "<group>";
		};
		3139028824520588004648F2 /* 百度云盘分类菜单 */ = {
			isa = PBXGroup;
			children = (
				3139028A2452060D004648F2 /* LSTPopViewBaiDuView.h */,
				313902892452060D004648F2 /* LSTPopViewBaiDuView.m */,
			);
			path = "百度云盘分类菜单";
			sourceTree = "<group>";
		};
		3139028C245274C6004648F2 /* 左侧边栏 */ = {
			isa = PBXGroup;
			children = (
				3139029124527537004648F2 /* LSTPopViewrLSidebarView.h */,
				3139029224527537004648F2 /* LSTPopViewrLSidebarView.m */,
				313902942452754F004648F2 /* LSTPopViewrLSidebarView.xib */,
			);
			path = "左侧边栏";
			sourceTree = "<group>";
		};
		3139028D245274D3004648F2 /* 右侧栏 */ = {
			isa = PBXGroup;
			children = (
				3139028E2452750F004648F2 /* LSTPopViewrRSidebarView.h */,
				3139028F2452750F004648F2 /* LSTPopViewrRSidebarView.m */,
			);
			path = "右侧栏";
			sourceTree = "<group>";
		};
		31390296245282D0004648F2 /* 底部输入框 */ = {
			isa = PBXGroup;
			children = (
				3139029B24528472004648F2 /* LSTPopViewBottomInputView.h */,
				3139029C24528472004648F2 /* LSTPopViewBottomInputView.m */,
				3139029E245284AA004648F2 /* LSTPopViewBottomInputView.xib */,
			);
			path = "底部输入框";
			sourceTree = "<group>";
		};
		3139029724528335004648F2 /* 中间输入框 */ = {
			isa = PBXGroup;
			children = (
				3139029824528431004648F2 /* LSTPopViewCenterInputView.h */,
				3139029924528431004648F2 /* LSTPopViewCenterInputView.m */,
				313902A024528735004648F2 /* LSTPopViewCenterInputView.xib */,
			);
			path = "中间输入框";
			sourceTree = "<group>";
		};
		313902A2245289F8004648F2 /* 加载指示器 */ = {
			isa = PBXGroup;
			children = (
				313902A324528A3E004648F2 /* LSTPopViewLoadingCell.h */,
				313902A424528A3E004648F2 /* LSTPopViewLoadingCell.m */,
				313902A524528A3E004648F2 /* LSTPopViewLoadingCell.xib */,
				313902A8245293E8004648F2 /* LSTPopViewloadingView.h */,
				313902A9245293E8004648F2 /* LSTPopViewloadingView.m */,
				313902AB245293F6004648F2 /* LSTPopViewloadingView.xib */,
			);
			path = "加载指示器";
			sourceTree = "<group>";
		};
		314389F6241168B700387B4E /* Main */ = {
			isa = PBXGroup;
			children = (
				31438A002411694800387B4E /* LSTBaseVC.h */,
				314389FF2411694800387B4E /* LSTBaseVC.m */,
			);
			path = Main;
			sourceTree = "<group>";
		};
		314389F7241168CD00387B4E /* LSTPopView */ = {
			isa = PBXGroup;
			children = (
				31EAD617245E95A4007620E7 /* 窗口编队测试 */,
				31438A2724116A5000387B4E /* LSTPopViewVC.h */,
				31438A2624116A5000387B4E /* LSTPopViewVC.m */,
				31CDCCF62451D7690037B813 /* 示例demo */,
				31D85537244E19FE00BFC8E8 /* popView内存管理调试 */,
				3144E1E4244756D4003C5D11 /* 规避键盘测试 */,
				3150CEBB24339B7300244B3A /* 多窗口测试 */,
				314389FA241168FF00387B4E /* 纯代码自定义view */,
				314389F9241168EF00387B4E /* XIB自定义View */,
				314389F8241168DD00387B4E /* LSTPopView属性调试 */,
			);
			path = LSTPopView;
			sourceTree = "<group>";
		};
		314389F8241168DD00387B4E /* LSTPopView属性调试 */ = {
			isa = PBXGroup;
			children = (
				31438A042411697000387B4E /* LSTPopViewTestVC.h */,
				31438A032411697000387B4E /* LSTPopViewTestVC.m */,
				31438A052411697000387B4E /* LSTPopViewTestVC.xib */,
				31438A062411697000387B4E /* LSTPopViewTestView.h */,
				31438A022411697000387B4E /* LSTPopViewTestView.m */,
				31438A072411697000387B4E /* LSTPopViewTestView.xib */,
			);
			path = "LSTPopView属性调试";
			sourceTree = "<group>";
		};
		314389F9241168EF00387B4E /* XIB自定义View */ = {
			isa = PBXGroup;
			children = (
				31438A0D2411697C00387B4E /* LSTPopViewXibView.h */,
				31438A0C2411697C00387B4E /* LSTPopViewXibView.m */,
				31438A0E2411697C00387B4E /* LSTPopViewXibView.xib */,
			);
			path = "XIB自定义View";
			sourceTree = "<group>";
		};
		314389FA241168FF00387B4E /* 纯代码自定义view */ = {
			isa = PBXGroup;
			children = (
				31438A122411698B00387B4E /* LSTPopViewCodeView.h */,
				31438A112411698B00387B4E /* LSTPopViewCodeView.m */,
			);
			path = "纯代码自定义view";
			sourceTree = "<group>";
		};
		314389FC2411691300387B4E /* LSTAlertView */ = {
			isa = PBXGroup;
			children = (
				31438A20241169AE00387B4E /* LSTAlertViewVC.h */,
				31438A21241169AE00387B4E /* LSTAlertViewVC.m */,
				314389FE2411692B00387B4E /* 自定义actionView */,
			);
			path = LSTAlertView;
			sourceTree = "<group>";
		};
		314389FD2411691B00387B4E /* LSTSheetAlertView */ = {
			isa = PBXGroup;
			children = (
				31438A24241169BA00387B4E /* LSTSheetAlertViewVC.h */,
				31438A23241169BA00387B4E /* LSTSheetAlertViewVC.m */,
			);
			path = LSTSheetAlertView;
			sourceTree = "<group>";
		};
		314389FE2411692B00387B4E /* 自定义actionView */ = {
			isa = PBXGroup;
			children = (
				31438A18241169A000387B4E /* actionViewImage.jpg */,
				31438A19241169A000387B4E /* LSTActionViewEmoji.h */,
				31438A142411699F00387B4E /* LSTActionViewEmoji.m */,
				31438A152411699F00387B4E /* LSTActionViewEmoji.xib */,
				31438A1A241169A000387B4E /* LSTActionViewImage.h */,
				31438A16241169A000387B4E /* LSTActionViewImage.m */,
				31438A17241169A000387B4E /* LSTActionViewImage.xib */,
			);
			path = "自定义actionView";
			sourceTree = "<group>";
		};
		3144E1E4244756D4003C5D11 /* 规避键盘测试 */ = {
			isa = PBXGroup;
			children = (
				3144E1E52447573C003C5D11 /* LSTAutoKeyboardVC.h */,
				3144E1E62447573C003C5D11 /* LSTAutoKeyboardVC.m */,
				3144E1EA2447586A003C5D11 /* LSTKeyboardXibView.h */,
				3144E1EB2447586A003C5D11 /* LSTKeyboardXibView.m */,
				3144E1E82447585C003C5D11 /* LSTKeyboardXibView.xib */,
			);
			path = "规避键盘测试";
			sourceTree = "<group>";
		};
		314CA8A82455EC5600E56E7B /* 抖音 */ = {
			isa = PBXGroup;
			children = (
				314CA8A92455EDCE00E56E7B /* LSTPopViewdoyinView.h */,
				314CA8AA2455EDCE00E56E7B /* LSTPopViewdoyinView.m */,
				314CA8AC2455EDD800E56E7B /* LSTPopViewdoyinView.xib */,
			);
			path = "抖音";
			sourceTree = "<group>";
		};
		3150CEBB24339B7300244B3A /* 多窗口测试 */ = {
			isa = PBXGroup;
			children = (
				3150CEBC24339B9F00244B3A /* LSTMutiPopViewVC.h */,
				3150CEBD24339B9F00244B3A /* LSTMutiPopViewVC.m */,
				3150CEBF24339EF100244B3A /* LSTMutiPopView.h */,
				3150CEC024339EF100244B3A /* LSTMutiPopView.m */,
			);
			path = "多窗口测试";
			sourceTree = "<group>";
		};
		31CDCCF62451D7690037B813 /* 示例demo */ = {
			isa = PBXGroup;
			children = (
				314CA8A82455EC5600E56E7B /* 抖音 */,
				31CDCCF72451D8260037B813 /* LSTPopViewSceneVC.h */,
				31CDCCF82451D8260037B813 /* LSTPopViewSceneVC.m */,
				313902A2245289F8004648F2 /* 加载指示器 */,
				3139029724528335004648F2 /* 中间输入框 */,
				31390296245282D0004648F2 /* 底部输入框 */,
				3139028D245274D3004648F2 /* 右侧栏 */,
				3139028C245274C6004648F2 /* 左侧边栏 */,
				3139028824520588004648F2 /* 百度云盘分类菜单 */,
				3139028424520414004648F2 /* uc分享 */,
				3139028024520226004648F2 /* 微信转发 */,
				3139027A2451FC3A004648F2 /* 类微信1微博底部弹框 */,
				31CDCCFF2451F01E0037B813 /* QQ音乐顶部 */,
				31CDCCFA2451EDE90037B813 /* QQ顶部 */,
			);
			path = "示例demo";
			sourceTree = "<group>";
		};
		31CDCCFA2451EDE90037B813 /* QQ顶部 */ = {
			isa = PBXGroup;
			children = (
				31CDCD052451F7460037B813 /* LSTPopViewqqtopView.h */,
				31CDCD062451F7460037B813 /* LSTPopViewqqtopView.m */,
				31CDCD082451F7520037B813 /* LSTPopViewqqtopView.xib */,
			);
			path = "QQ顶部";
			sourceTree = "<group>";
		};
		31CDCCFF2451F01E0037B813 /* QQ音乐顶部 */ = {
			isa = PBXGroup;
			children = (
				31CDCD002451F0460037B813 /* LSTPopViewQQView.h */,
				31CDCD012451F0460037B813 /* LSTPopViewQQView.m */,
				31CDCD032451F04D0037B813 /* LSTPopViewQQView.xib */,
			);
			path = "QQ音乐顶部";
			sourceTree = "<group>";
		};
		31D85537244E19FE00BFC8E8 /* popView内存管理调试 */ = {
			isa = PBXGroup;
			children = (
				31D85538244E1A5A00BFC8E8 /* LSTPopViewRAMVC.h */,
				31D85539244E1A5A00BFC8E8 /* LSTPopViewRAMVC.m */,
			);
			path = "popView内存管理调试";
			sourceTree = "<group>";
		};
		31EAD617245E95A4007620E7 /* 窗口编队测试 */ = {
			isa = PBXGroup;
			children = (
				31EAD61B245EAE36007620E7 /* LSTPopViewGroupTestVC.h */,
				31EAD61C245EAE36007620E7 /* LSTPopViewGroupTestVC.m */,
				31EAD61D245EAE36007620E7 /* LSTPopViewGroupTestVC.xib */,
				31EAD620245EB8A9007620E7 /* LSTPopViewGroupTestView.h */,
				31EAD621245EB8A9007620E7 /* LSTPopViewGroupTestView.m */,
				31EAD623245EB98E007620E7 /* LSTPopViewGroupTestView.xib */,
			);
			path = "窗口编队测试";
			sourceTree = "<group>";
		};
		6003F581195388D10070C39A = {
			isa = PBXGroup;
			children = (
				60FF7A9C1954A5C5007DD14C /* Podspec Metadata */,
				6003F593195388D20070C39A /* Example for LSTPopView */,
				6003F5B5195388D20070C39A /* Tests */,
				6003F58C195388D20070C39A /* Frameworks */,
				6003F58B195388D20070C39A /* Products */,
				2F3CAF8D06494A2EA1B66F3E /* Pods */,
			);
			sourceTree = "<group>";
		};
		6003F58B195388D20070C39A /* Products */ = {
			isa = PBXGroup;
			children = (
				6003F58A195388D20070C39A /* LSTPopView.app */,
				6003F5AE195388D20070C39A /* LSTPopView_Tests.xctest */,
			);
			name = Products;
			sourceTree = "<group>";
		};
		6003F58C195388D20070C39A /* Frameworks */ = {
			isa = PBXGroup;
			children = (
				6003F58D195388D20070C39A /* Foundation.framework */,
				6003F58F195388D20070C39A /* CoreGraphics.framework */,
				6003F591195388D20070C39A /* UIKit.framework */,
				6003F5AF195388D20070C39A /* XCTest.framework */,
				65F401D6F088DFE0F3C22CAE /* libPods-LSTPopView_Example.a */,
				9C5865DF78541A9FA0B2DEA4 /* libPods-LSTPopView_Tests.a */,
			);
			name = Frameworks;
			sourceTree = "<group>";
		};
		6003F593195388D20070C39A /* Example for LSTPopView */ = {
			isa = PBXGroup;
			children = (
				31438A2B2411774B00387B4E /* lst_logo.png */,
				31438A292411773E00387B4E /* demo.gif */,
				314389F6241168B700387B4E /* Main */,
				314389F7241168CD00387B4E /* LSTPopView */,
				314389FC2411691300387B4E /* LSTAlertView */,
				314389FD2411691B00387B4E /* LSTSheetAlertView */,
				6003F59C195388D20070C39A /* LSTAppDelegate.h */,
				6003F59D195388D20070C39A /* LSTAppDelegate.m */,
				873B8AEA1B1F5CCA007FD442 /* Main.storyboard */,
				6003F5A5195388D20070C39A /* LSTViewController.h */,
				6003F5A6195388D20070C39A /* LSTViewController.m */,
				71719F9D1E33DC2100824A3D /* LaunchScreen.storyboard */,
				6003F5A8195388D20070C39A /* Images.xcassets */,
				6003F594195388D20070C39A /* Supporting Files */,
			);
			name = "Example for LSTPopView";
			path = LSTPopView;
			sourceTree = "<group>";
		};
		6003F594195388D20070C39A /* Supporting Files */ = {
			isa = PBXGroup;
			children = (
				6003F595195388D20070C39A /* LSTPopView-Info.plist */,
				6003F596195388D20070C39A /* InfoPlist.strings */,
				6003F599195388D20070C39A /* main.m */,
				6003F59B195388D20070C39A /* LSTPopView-Prefix.pch */,
			);
			name = "Supporting Files";
			sourceTree = "<group>";
		};
		6003F5B5195388D20070C39A /* Tests */ = {
			isa = PBXGroup;
			children = (
				6003F5BB195388D20070C39A /* Tests.m */,
				6003F5B6195388D20070C39A /* Supporting Files */,
			);
			path = Tests;
			sourceTree = "<group>";
		};
		6003F5B6195388D20070C39A /* Supporting Files */ = {
			isa = PBXGroup;
			children = (
				6003F5B7195388D20070C39A /* Tests-Info.plist */,
				6003F5B8195388D20070C39A /* InfoPlist.strings */,
				606FC2411953D9B200FFA9A0 /* Tests-Prefix.pch */,
			);
			name = "Supporting Files";
			sourceTree = "<group>";
		};
		60FF7A9C1954A5C5007DD14C /* Podspec Metadata */ = {
			isa = PBXGroup;
			children = (
				A1A3B8DC8F645A2E3A4D3F55 /* LSTPopView.podspec */,
				B2FC140E090D63A96953DBD3 /* README.md */,
				31EBBDB5243110030059B4DE /* UPDATE_HISTORY.md */,
				038CEC63B34760C327FDAD98 /* LICENSE */,
			);
			name = "Podspec Metadata";
			sourceTree = "<group>";
		};
/* End PBXGroup section */

/* Begin PBXNativeTarget section */
		6003F589195388D20070C39A /* LSTPopView_Example */ = {
			isa = PBXNativeTarget;
			buildConfigurationList = 6003F5BF195388D20070C39A /* Build configuration list for PBXNativeTarget "LSTPopView_Example" */;
			buildPhases = (
				8F76587E6EF1496160D3BEE6 /* [CP] Check Pods Manifest.lock */,
				6003F586195388D20070C39A /* Sources */,
				6003F587195388D20070C39A /* Frameworks */,
				6003F588195388D20070C39A /* Resources */,
			);
			buildRules = (
			);
			dependencies = (
			);
			name = LSTPopView_Example;
			productName = LSTPopView;
			productReference = 6003F58A195388D20070C39A /* LSTPopView.app */;
			productType = "com.apple.product-type.application";
		};
		6003F5AD195388D20070C39A /* LSTPopView_Tests */ = {
			isa = PBXNativeTarget;
			buildConfigurationList = 6003F5C2195388D20070C39A /* Build configuration list for PBXNativeTarget "LSTPopView_Tests" */;
			buildPhases = (
				38BFB54FA7E046684D5DB6A0 /* [CP] Check Pods Manifest.lock */,
				6003F5AA195388D20070C39A /* Sources */,
				6003F5AB195388D20070C39A /* Frameworks */,
				6003F5AC195388D20070C39A /* Resources */,
			);
			buildRules = (
			);
			dependencies = (
				6003F5B4195388D20070C39A /* PBXTargetDependency */,
			);
			name = LSTPopView_Tests;
			productName = LSTPopViewTests;
			productReference = 6003F5AE195388D20070C39A /* LSTPopView_Tests.xctest */;
			productType = "com.apple.product-type.bundle.unit-test";
		};
/* End PBXNativeTarget section */

/* Begin PBXProject section */
		6003F582195388D10070C39A /* Project object */ = {
			isa = PBXProject;
			attributes = {
				CLASSPREFIX = LST;
				LastUpgradeCheck = 0720;
				ORGANIZATIONNAME = "490790096@qq.com";
				TargetAttributes = {
					6003F589195388D20070C39A = {
						DevelopmentTeam = F8DZH6Y62F;
					};
					6003F5AD195388D20070C39A = {
						TestTargetID = 6003F589195388D20070C39A;
					};
				};
			};
			buildConfigurationList = 6003F585195388D10070C39A /* Build configuration list for PBXProject "LSTPopView" */;
			compatibilityVersion = "Xcode 3.2";
			developmentRegion = English;
			hasScannedForEncodings = 0;
			knownRegions = (
				English,
				en,
				Base,
			);
			mainGroup = 6003F581195388D10070C39A;
			productRefGroup = 6003F58B195388D20070C39A /* Products */;
			projectDirPath = "";
			projectRoot = "";
			targets = (
				6003F589195388D20070C39A /* LSTPopView_Example */,
				6003F5AD195388D20070C39A /* LSTPopView_Tests */,
			);
		};
/* End PBXProject section */

/* Begin PBXResourcesBuildPhase section */
		6003F588195388D20070C39A /* Resources */ = {
			isa = PBXResourcesBuildPhase;
			buildActionMask = 2147483647;
			files = (
				873B8AEB1B1F5CCA007FD442 /* Main.storyboard in Resources */,
				31EBBDB6243110030059B4DE /* UPDATE_HISTORY.md in Resources */,
				313902952452754F004648F2 /* LSTPopViewrLSidebarView.xib in Resources */,
				31CDCD042451F04D0037B813 /* LSTPopViewQQView.xib in Resources */,
				71719F9F1E33DC2100824A3D /* LaunchScreen.storyboard in Resources */,
				3144E1E92447585C003C5D11 /* LSTKeyboardXibView.xib in Resources */,
				31438A102411697C00387B4E /* LSTPopViewXibView.xib in Resources */,
				6003F5A9195388D20070C39A /* Images.xcassets in Resources */,
				31438A0A2411697000387B4E /* LSTPopViewTestVC.xib in Resources */,
				6003F598195388D20070C39A /* InfoPlist.strings in Resources */,
				31438A2C2411774B00387B4E /* lst_logo.png in Resources */,
				313902A124528735004648F2 /* LSTPopViewCenterInputView.xib in Resources */,
				313902AC245293F6004648F2 /* LSTPopViewloadingView.xib in Resources */,
				31438A1F241169A000387B4E /* actionViewImage.jpg in Resources */,
				314CA8AD2455EDD800E56E7B /* LSTPopViewdoyinView.xib in Resources */,
				31438A0B2411697000387B4E /* LSTPopViewTestView.xib in Resources */,
				31438A1E241169A000387B4E /* LSTActionViewImage.xib in Resources */,
				31438A2A2411773E00387B4E /* demo.gif in Resources */,
				31EAD624245EB98E007620E7 /* LSTPopViewGroupTestView.xib in Resources */,
				3139029F245284AA004648F2 /* LSTPopViewBottomInputView.xib in Resources */,
				31438A1C241169A000387B4E /* LSTActionViewEmoji.xib in Resources */,
				313902A724528A3E004648F2 /* LSTPopViewLoadingCell.xib in Resources */,
				31EAD61F245EAE36007620E7 /* LSTPopViewGroupTestVC.xib in Resources */,
				3139027F2451FC79004648F2 /* LSTPopViewWeChatView.xib in Resources */,
				31CDCD092451F7520037B813 /* LSTPopViewqqtopView.xib in Resources */,
			);
			runOnlyForDeploymentPostprocessing = 0;
		};
		6003F5AC195388D20070C39A /* Resources */ = {
			isa = PBXResourcesBuildPhase;
			buildActionMask = 2147483647;
			files = (
				6003F5BA195388D20070C39A /* InfoPlist.strings in Resources */,
			);
			runOnlyForDeploymentPostprocessing = 0;
		};
/* End PBXResourcesBuildPhase section */

/* Begin PBXShellScriptBuildPhase section */
		38BFB54FA7E046684D5DB6A0 /* [CP] Check Pods Manifest.lock */ = {
			isa = PBXShellScriptBuildPhase;
			buildActionMask = 2147483647;
			files = (
			);
			inputFileListPaths = (
			);
			inputPaths = (
				"${PODS_PODFILE_DIR_PATH}/Podfile.lock",
				"${PODS_ROOT}/Manifest.lock",
			);
			name = "[CP] Check Pods Manifest.lock";
			outputFileListPaths = (
			);
			outputPaths = (
				"$(DERIVED_FILE_DIR)/Pods-LSTPopView_Tests-checkManifestLockResult.txt",
			);
			runOnlyForDeploymentPostprocessing = 0;
			shellPath = /bin/sh;
			shellScript = "diff \"${PODS_PODFILE_DIR_PATH}/Podfile.lock\" \"${PODS_ROOT}/Manifest.lock\" > /dev/null\nif [ $? != 0 ] ; then\n    # print error to STDERR\n    echo \"error: The sandbox is not in sync with the Podfile.lock. Run 'pod install' or update your CocoaPods installation.\" >&2\n    exit 1\nfi\n# This output is used by Xcode 'outputs' to avoid re-running this script phase.\necho \"SUCCESS\" > \"${SCRIPT_OUTPUT_FILE_0}\"\n";
			showEnvVarsInLog = 0;
		};
		8F76587E6EF1496160D3BEE6 /* [CP] Check Pods Manifest.lock */ = {
			isa = PBXShellScriptBuildPhase;
			buildActionMask = 2147483647;
			files = (
			);
			inputFileListPaths = (
			);
			inputPaths = (
				"${PODS_PODFILE_DIR_PATH}/Podfile.lock",
				"${PODS_ROOT}/Manifest.lock",
			);
			name = "[CP] Check Pods Manifest.lock";
			outputFileListPaths = (
			);
			outputPaths = (
				"$(DERIVED_FILE_DIR)/Pods-LSTPopView_Example-checkManifestLockResult.txt",
			);
			runOnlyForDeploymentPostprocessing = 0;
			shellPath = /bin/sh;
			shellScript = "diff \"${PODS_PODFILE_DIR_PATH}/Podfile.lock\" \"${PODS_ROOT}/Manifest.lock\" > /dev/null\nif [ $? != 0 ] ; then\n    # print error to STDERR\n    echo \"error: The sandbox is not in sync with the Podfile.lock. Run 'pod install' or update your CocoaPods installation.\" >&2\n    exit 1\nfi\n# This output is used by Xcode 'outputs' to avoid re-running this script phase.\necho \"SUCCESS\" > \"${SCRIPT_OUTPUT_FILE_0}\"\n";
			showEnvVarsInLog = 0;
		};
/* End PBXShellScriptBuildPhase section */

/* Begin PBXSourcesBuildPhase section */
		6003F586195388D20070C39A /* Sources */ = {
			isa = PBXSourcesBuildPhase;
			buildActionMask = 2147483647;
			files = (
				31438A25241169BA00387B4E /* LSTSheetAlertViewVC.m in Sources */,
				6003F59E195388D20070C39A /* LSTAppDelegate.m in Sources */,
				313902902452750F004648F2 /* LSTPopViewrRSidebarView.m in Sources */,
				31D8553A244E1A5B00BFC8E8 /* LSTPopViewRAMVC.m in Sources */,
				31438A22241169AE00387B4E /* LSTAlertViewVC.m in Sources */,
				31438A092411697000387B4E /* LSTPopViewTestVC.m in Sources */,
				3144E1E72447573C003C5D11 /* LSTAutoKeyboardVC.m in Sources */,
				3150CEBE24339B9F00244B3A /* LSTMutiPopViewVC.m in Sources */,
				31438A1D241169A000387B4E /* LSTActionViewImage.m in Sources */,
				3139029D24528472004648F2 /* LSTPopViewBottomInputView.m in Sources */,
				31CDCD022451F0460037B813 /* LSTPopViewQQView.m in Sources */,
				314CA8AB2455EDCE00E56E7B /* LSTPopViewdoyinView.m in Sources */,
				313902A624528A3E004648F2 /* LSTPopViewLoadingCell.m in Sources */,
				31438A132411698B00387B4E /* LSTPopViewCodeView.m in Sources */,
				3139029A24528431004648F2 /* LSTPopViewCenterInputView.m in Sources */,
				3144E1EC2447586A003C5D11 /* LSTKeyboardXibView.m in Sources */,
				3139028B2452060D004648F2 /* LSTPopViewBaiDuView.m in Sources */,
				31438A082411697000387B4E /* LSTPopViewTestView.m in Sources */,
				31CDCCF92451D8260037B813 /* LSTPopViewSceneVC.m in Sources */,
				313902872452043A004648F2 /* LSTPopViewUCView.m in Sources */,
				31CDCD072451F7460037B813 /* LSTPopViewqqtopView.m in Sources */,
				31438A012411694800387B4E /* LSTBaseVC.m in Sources */,
				6003F5A7195388D20070C39A /* LSTViewController.m in Sources */,
				31438A2824116A5000387B4E /* LSTPopViewVC.m in Sources */,
				31438A1B241169A000387B4E /* LSTActionViewEmoji.m in Sources */,
				6003F59A195388D20070C39A /* main.m in Sources */,
				313902832452024C004648F2 /* LSTPopViewTranspondView.m in Sources */,
				31EAD622245EB8A9007620E7 /* LSTPopViewGroupTestView.m in Sources */,
				3150CEC124339EF100244B3A /* LSTMutiPopView.m in Sources */,
				31438A0F2411697C00387B4E /* LSTPopViewXibView.m in Sources */,
				3139027D2451FC66004648F2 /* LSTPopViewWeChatView.m in Sources */,
				31EAD61E245EAE36007620E7 /* LSTPopViewGroupTestVC.m in Sources */,
				3139029324527537004648F2 /* LSTPopViewrLSidebarView.m in Sources */,
				313902AA245293E8004648F2 /* LSTPopViewloadingView.m in Sources */,
			);
			runOnlyForDeploymentPostprocessing = 0;
		};
		6003F5AA195388D20070C39A /* Sources */ = {
			isa = PBXSourcesBuildPhase;
			buildActionMask = 2147483647;
			files = (
				6003F5BC195388D20070C39A /* Tests.m in Sources */,
			);
			runOnlyForDeploymentPostprocessing = 0;
		};
/* End PBXSourcesBuildPhase section */

/* Begin PBXTargetDependency section */
		6003F5B4195388D20070C39A /* PBXTargetDependency */ = {
			isa = PBXTargetDependency;
			target = 6003F589195388D20070C39A /* LSTPopView_Example */;
			targetProxy = 6003F5B3195388D20070C39A /* PBXContainerItemProxy */;
		};
/* End PBXTargetDependency section */

/* Begin PBXVariantGroup section */
		6003F596195388D20070C39A /* InfoPlist.strings */ = {
			isa = PBXVariantGroup;
			children = (
				6003F597195388D20070C39A /* en */,
			);
			name = InfoPlist.strings;
			sourceTree = "<group>";
		};
		6003F5B8195388D20070C39A /* InfoPlist.strings */ = {
			isa = PBXVariantGroup;
			children = (
				6003F5B9195388D20070C39A /* en */,
			);
			name = InfoPlist.strings;
			sourceTree = "<group>";
		};
		71719F9D1E33DC2100824A3D /* LaunchScreen.storyboard */ = {
			isa = PBXVariantGroup;
			children = (
				71719F9E1E33DC2100824A3D /* Base */,
			);
			name = LaunchScreen.storyboard;
			sourceTree = "<group>";
		};
/* End PBXVariantGroup section */

/* Begin XCBuildConfiguration section */
		6003F5BD195388D20070C39A /* Debug */ = {
			isa = XCBuildConfiguration;
			buildSettings = {
				ALWAYS_SEARCH_USER_PATHS = NO;
				CLANG_CXX_LANGUAGE_STANDARD = "gnu++0x";
				CLANG_CXX_LIBRARY = "libc++";
				CLANG_ENABLE_MODULES = YES;
				CLANG_ENABLE_OBJC_ARC = YES;
				CLANG_WARN_BOOL_CONVERSION = YES;
				CLANG_WARN_CONSTANT_CONVERSION = YES;
				CLANG_WARN_DIRECT_OBJC_ISA_USAGE = YES_ERROR;
				CLANG_WARN_EMPTY_BODY = YES;
				CLANG_WARN_ENUM_CONVERSION = YES;
				CLANG_WARN_INT_CONVERSION = YES;
				CLANG_WARN_OBJC_ROOT_CLASS = YES_ERROR;
				CLANG_WARN__DUPLICATE_METHOD_MATCH = YES;
				"CODE_SIGN_IDENTITY[sdk=iphoneos*]" = "iPhone Developer";
				COPY_PHASE_STRIP = NO;
				ENABLE_TESTABILITY = YES;
				GCC_C_LANGUAGE_STANDARD = gnu99;
				GCC_DYNAMIC_NO_PIC = NO;
				GCC_OPTIMIZATION_LEVEL = 0;
				GCC_PREPROCESSOR_DEFINITIONS = (
					"DEBUG=1",
					"$(inherited)",
				);
				GCC_SYMBOLS_PRIVATE_EXTERN = NO;
				GCC_WARN_64_TO_32_BIT_CONVERSION = YES;
				GCC_WARN_ABOUT_RETURN_TYPE = YES_ERROR;
				GCC_WARN_UNDECLARED_SELECTOR = YES;
				GCC_WARN_UNINITIALIZED_AUTOS = YES_AGGRESSIVE;
				GCC_WARN_UNUSED_FUNCTION = YES;
				GCC_WARN_UNUSED_VARIABLE = YES;
				IPHONEOS_DEPLOYMENT_TARGET = 9.3;
				ONLY_ACTIVE_ARCH = YES;
				SDKROOT = iphoneos;
				TARGETED_DEVICE_FAMILY = "1,2";
			};
			name = Debug;
		};
		6003F5BE195388D20070C39A /* Release */ = {
			isa = XCBuildConfiguration;
			buildSettings = {
				ALWAYS_SEARCH_USER_PATHS = NO;
				CLANG_CXX_LANGUAGE_STANDARD = "gnu++0x";
				CLANG_CXX_LIBRARY = "libc++";
				CLANG_ENABLE_MODULES = YES;
				CLANG_ENABLE_OBJC_ARC = YES;
				CLANG_WARN_BOOL_CONVERSION = YES;
				CLANG_WARN_CONSTANT_CONVERSION = YES;
				CLANG_WARN_DIRECT_OBJC_ISA_USAGE = YES_ERROR;
				CLANG_WARN_EMPTY_BODY = YES;
				CLANG_WARN_ENUM_CONVERSION = YES;
				CLANG_WARN_INT_CONVERSION = YES;
				CLANG_WARN_OBJC_ROOT_CLASS = YES_ERROR;
				CLANG_WARN__DUPLICATE_METHOD_MATCH = YES;
				"CODE_SIGN_IDENTITY[sdk=iphoneos*]" = "iPhone Developer";
				COPY_PHASE_STRIP = YES;
				ENABLE_NS_ASSERTIONS = NO;
				GCC_C_LANGUAGE_STANDARD = gnu99;
				GCC_WARN_64_TO_32_BIT_CONVERSION = YES;
				GCC_WARN_ABOUT_RETURN_TYPE = YES_ERROR;
				GCC_WARN_UNDECLARED_SELECTOR = YES;
				GCC_WARN_UNINITIALIZED_AUTOS = YES_AGGRESSIVE;
				GCC_WARN_UNUSED_FUNCTION = YES;
				GCC_WARN_UNUSED_VARIABLE = YES;
				IPHONEOS_DEPLOYMENT_TARGET = 9.3;
				SDKROOT = iphoneos;
				TARGETED_DEVICE_FAMILY = "1,2";
				VALIDATE_PRODUCT = YES;
			};
			name = Release;
		};
		6003F5C0195388D20070C39A /* Debug */ = {
			isa = XCBuildConfiguration;
			baseConfigurationReference = B7DF4F9C390975AA25E2745C /* Pods-LSTPopView_Example.debug.xcconfig */;
			buildSettings = {
				ASSETCATALOG_COMPILER_APPICON_NAME = AppIcon;
				DEVELOPMENT_TEAM = F8DZH6Y62F;
				GCC_PRECOMPILE_PREFIX_HEADER = YES;
				GCC_PREFIX_HEADER = "LSTPopView/LSTPopView-Prefix.pch";
				INFOPLIST_FILE = "LSTPopView/LSTPopView-Info.plist";
				MODULE_NAME = ExampleApp;
				PRODUCT_BUNDLE_IDENTIFIER = com.LSTPopView.www;
				PRODUCT_NAME = LSTPopView;
				SWIFT_VERSION = 4.0;
				WRAPPER_EXTENSION = app;
			};
			name = Debug;
		};
		6003F5C1195388D20070C39A /* Release */ = {
			isa = XCBuildConfiguration;
			baseConfigurationReference = 9187EEEF2ED2937C7B19795A /* Pods-LSTPopView_Example.release.xcconfig */;
			buildSettings = {
				ASSETCATALOG_COMPILER_APPICON_NAME = AppIcon;
				DEVELOPMENT_TEAM = F8DZH6Y62F;
				GCC_PRECOMPILE_PREFIX_HEADER = YES;
				GCC_PREFIX_HEADER = "LSTPopView/LSTPopView-Prefix.pch";
				INFOPLIST_FILE = "LSTPopView/LSTPopView-Info.plist";
				MODULE_NAME = ExampleApp;
				PRODUCT_BUNDLE_IDENTIFIER = com.LSTPopView.www;
				PRODUCT_NAME = LSTPopView;
				SWIFT_VERSION = 4.0;
				WRAPPER_EXTENSION = app;
			};
			name = Release;
		};
		6003F5C3195388D20070C39A /* Debug */ = {
			isa = XCBuildConfiguration;
			baseConfigurationReference = F50E16F14DD91026EA18B325 /* Pods-LSTPopView_Tests.debug.xcconfig */;
			buildSettings = {
				BUNDLE_LOADER = "$(TEST_HOST)";
				FRAMEWORK_SEARCH_PATHS = (
					"$(PLATFORM_DIR)/Developer/Library/Frameworks",
					"$(inherited)",
					"$(DEVELOPER_FRAMEWORKS_DIR)",
				);
				GCC_PRECOMPILE_PREFIX_HEADER = YES;
				GCC_PREFIX_HEADER = "Tests/Tests-Prefix.pch";
				GCC_PREPROCESSOR_DEFINITIONS = (
					"DEBUG=1",
					"$(inherited)",
				);
				INFOPLIST_FILE = "Tests/Tests-Info.plist";
				PRODUCT_BUNDLE_IDENTIFIER = "org.cocoapods.demo.${PRODUCT_NAME:rfc1034identifier}";
				PRODUCT_NAME = "$(TARGET_NAME)";
				SWIFT_VERSION = 4.0;
				TEST_HOST = "$(BUILT_PRODUCTS_DIR)/LSTPopView_Example.app/LSTPopView_Example";
				WRAPPER_EXTENSION = xctest;
			};
			name = Debug;
		};
		6003F5C4195388D20070C39A /* Release */ = {
			isa = XCBuildConfiguration;
			baseConfigurationReference = 0BDD3070AE4FDB6F9CD60EEB /* Pods-LSTPopView_Tests.release.xcconfig */;
			buildSettings = {
				BUNDLE_LOADER = "$(TEST_HOST)";
				FRAMEWORK_SEARCH_PATHS = (
					"$(PLATFORM_DIR)/Developer/Library/Frameworks",
					"$(inherited)",
					"$(DEVELOPER_FRAMEWORKS_DIR)",
				);
				GCC_PRECOMPILE_PREFIX_HEADER = YES;
				GCC_PREFIX_HEADER = "Tests/Tests-Prefix.pch";
				INFOPLIST_FILE = "Tests/Tests-Info.plist";
				PRODUCT_BUNDLE_IDENTIFIER = "org.cocoapods.demo.${PRODUCT_NAME:rfc1034identifier}";
				PRODUCT_NAME = "$(TARGET_NAME)";
				SWIFT_VERSION = 4.0;
				TEST_HOST = "$(BUILT_PRODUCTS_DIR)/LSTPopView_Example.app/LSTPopView_Example";
				WRAPPER_EXTENSION = xctest;
			};
			name = Release;
		};
/* End XCBuildConfiguration section */

/* Begin XCConfigurationList section */
		6003F585195388D10070C39A /* Build configuration list for PBXProject "LSTPopView" */ = {
			isa = XCConfigurationList;
			buildConfigurations = (
				6003F5BD195388D20070C39A /* Debug */,
				6003F5BE195388D20070C39A /* Release */,
			);
			defaultConfigurationIsVisible = 0;
			defaultConfigurationName = Release;
		};
		6003F5BF195388D20070C39A /* Build configuration list for PBXNativeTarget "LSTPopView_Example" */ = {
			isa = XCConfigurationList;
			buildConfigurations = (
				6003F5C0195388D20070C39A /* Debug */,
				6003F5C1195388D20070C39A /* Release */,
			);
			defaultConfigurationIsVisible = 0;
			defaultConfigurationName = Release;
		};
		6003F5C2195388D20070C39A /* Build configuration list for PBXNativeTarget "LSTPopView_Tests" */ = {
			isa = XCConfigurationList;
			buildConfigurations = (
				6003F5C3195388D20070C39A /* Debug */,
				6003F5C4195388D20070C39A /* Release */,
			);
			defaultConfigurationIsVisible = 0;
			defaultConfigurationName = Release;
		};
/* End XCConfigurationList section */
	};
	rootObject = 6003F582195388D10070C39A /* Project object */;
}
